// !$*UTF8*$!
{
	archiveVersion = 1;
	classes = {
	};
	objectVersion = 46;
	objects = {

/* Begin PBXBuildFile section */
		390BADBE1BAEB375006269FD /* CommentTableView.m in Sources */ = {isa = PBXBuildFile; fileRef = 390BADBB1BAEB375006269FD /* CommentTableView.m */; };
		390BADBF1BAEB375006269FD /* CommentTableViewCell.m in Sources */ = {isa = PBXBuildFile; fileRef = 390BADBD1BAEB375006269FD /* CommentTableViewCell.m */; };
		390BADC11BAEBDEA006269FD /* default_avatar@2x.jpeg in Resources */ = {isa = PBXBuildFile; fileRef = 390BADC01BAEBDEA006269FD /* default_avatar@2x.jpeg */; };
		390BADC41BAECA73006269FD /* edit_bg@2x.png in Resources */ = {isa = PBXBuildFile; fileRef = 390BADC21BAECA73006269FD /* edit_bg@2x.png */; };
		390BADC51BAECA73006269FD /* edit_logo@2x.png in Resources */ = {isa = PBXBuildFile; fileRef = 390BADC31BAECA73006269FD /* edit_logo@2x.png */; };
		390BADC91BAFD9FB006269FD /* LoginViewController.m in Sources */ = {isa = PBXBuildFile; fileRef = 390BADC81BAFD9FB006269FD /* LoginViewController.m */; };
		390BADCB1BAFDDC3006269FD /* login_bg@2x.png in Resources */ = {isa = PBXBuildFile; fileRef = 390BADCA1BAFDDC3006269FD /* login_bg@2x.png */; };
		390BADCF1BAFE188006269FD /* button_blue@2x.png in Resources */ = {isa = PBXBuildFile; fileRef = 390BADCC1BAFE188006269FD /* button_blue@2x.png */; };
		390BADD01BAFE188006269FD /* button_white@2x.png in Resources */ = {isa = PBXBuildFile; fileRef = 390BADCD1BAFE188006269FD /* button_white@2x.png */; };
		390BADD11BAFE188006269FD /* login_logo@2x.png in Resources */ = {isa = PBXBuildFile; fileRef = 390BADCE1BAFE188006269FD /* login_logo@2x.png */; };
		390BADD41BB00A5E006269FD /* SignUpViewController.m in Sources */ = {isa = PBXBuildFile; fileRef = 390BADD31BB00A5E006269FD /* SignUpViewController.m */; };
		390BADD71BB03A3E006269FD /* ResetPwdViewController.m in Sources */ = {isa = PBXBuildFile; fileRef = 390BADD61BB03A3E006269FD /* ResetPwdViewController.m */; };
		397E42781BA126AF006BE9E7 /* WebSocketMgr.m in Sources */ = {isa = PBXBuildFile; fileRef = 397E42771BA126AF006BE9E7 /* WebSocketMgr.m */; };
		397E42861BA6EC37006BE9E7 /* MiaAPIHelper.m in Sources */ = {isa = PBXBuildFile; fileRef = 397E42851BA6EC37006BE9E7 /* MiaAPIHelper.m */; };
		397E428C1BA7CA5A006BE9E7 /* AAPullToRefresh.m in Sources */ = {isa = PBXBuildFile; fileRef = 397E42891BA7CA5A006BE9E7 /* AAPullToRefresh.m */; };
		397E428D1BA7CA5A006BE9E7 /* centerIcon@2x.png in Resources */ = {isa = PBXBuildFile; fileRef = 397E428A1BA7CA5A006BE9E7 /* centerIcon@2x.png */; };
		397E428E1BA7CA5A006BE9E7 /* launchpad@2x.png in Resources */ = {isa = PBXBuildFile; fileRef = 397E428B1BA7CA5A006BE9E7 /* launchpad@2x.png */; };
		397E42961BA81836006BE9E7 /* MusicItem.m in Sources */ = {isa = PBXBuildFile; fileRef = 397E42951BA81836006BE9E7 /* MusicItem.m */; };
		397E429A1BA83131006BE9E7 /* ShareItem.m in Sources */ = {isa = PBXBuildFile; fileRef = 397E42991BA83131006BE9E7 /* ShareItem.m */; };
		397E429E1BA8EBE6006BE9E7 /* ShareListMgr.m in Sources */ = {isa = PBXBuildFile; fileRef = 397E429D1BA8EBE6006BE9E7 /* ShareListMgr.m */; };
		397E42CE1BA90812006BE9E7 /* NSData+Base64.m in Sources */ = {isa = PBXBuildFile; fileRef = 397E42A21BA90812006BE9E7 /* NSData+Base64.m */; settings = {COMPILER_FLAGS = "-fno-objc-arc"; }; };
		397E42CF1BA90812006BE9E7 /* NSObject+PropertyAndMethods.m in Sources */ = {isa = PBXBuildFile; fileRef = 397E42A51BA90812006BE9E7 /* NSObject+PropertyAndMethods.m */; };
		397E42D01BA90812006BE9E7 /* NSString+DateFormatter.m in Sources */ = {isa = PBXBuildFile; fileRef = 397E42A81BA90812006BE9E7 /* NSString+DateFormatter.m */; };
		397E42D11BA90812006BE9E7 /* NSString+Emoji.m in Sources */ = {isa = PBXBuildFile; fileRef = 397E42AB1BA90812006BE9E7 /* NSString+Emoji.m */; };
		397E42D21BA90812006BE9E7 /* NSString+IsNull.m in Sources */ = {isa = PBXBuildFile; fileRef = 397E42AE1BA90812006BE9E7 /* NSString+IsNull.m */; };
		397E42D31BA90812006BE9E7 /* NSString+MD5.m in Sources */ = {isa = PBXBuildFile; fileRef = 397E42B11BA90812006BE9E7 /* NSString+MD5.m */; };
		397E42D41BA90812006BE9E7 /* UIButton+UIButtonExt.m in Sources */ = {isa = PBXBuildFile; fileRef = 397E42B51BA90812006BE9E7 /* UIButton+UIButtonExt.m */; };
		397E42D51BA90812006BE9E7 /* UIColor+HexColorString.m in Sources */ = {isa = PBXBuildFile; fileRef = 397E42B81BA90812006BE9E7 /* UIColor+HexColorString.m */; };
		397E42D61BA90812006BE9E7 /* UIImage+ColorToImage.m in Sources */ = {isa = PBXBuildFile; fileRef = 397E42BB1BA90812006BE9E7 /* UIImage+ColorToImage.m */; };
		397E42D71BA90812006BE9E7 /* UIImage+Extrude.m in Sources */ = {isa = PBXBuildFile; fileRef = 397E42BE1BA90812006BE9E7 /* UIImage+Extrude.m */; };
		397E42D81BA90812006BE9E7 /* UIImage+ImageEffects.m in Sources */ = {isa = PBXBuildFile; fileRef = 397E42C11BA90812006BE9E7 /* UIImage+ImageEffects.m */; };
		397E42D91BA90812006BE9E7 /* UIImageView+BlurredImage.m in Sources */ = {isa = PBXBuildFile; fileRef = 397E42C41BA90812006BE9E7 /* UIImageView+BlurredImage.m */; };
		397E42DA1BA90812006BE9E7 /* UIScrollView+AllowPanGestureEventPass.m in Sources */ = {isa = PBXBuildFile; fileRef = 397E42C71BA90812006BE9E7 /* UIScrollView+AllowPanGestureEventPass.m */; };
		397E42DB1BA90812006BE9E7 /* MusicPlayerMgr.m in Sources */ = {isa = PBXBuildFile; fileRef = 397E42CA1BA90812006BE9E7 /* MusicPlayerMgr.m */; };
		397E42DC1BA90812006BE9E7 /* UserDefaultsUtils.m in Sources */ = {isa = PBXBuildFile; fileRef = 397E42CD1BA90812006BE9E7 /* UserDefaultsUtils.m */; };
		397E42F91BAA93C1006BE9E7 /* KYCircularView.m in Sources */ = {isa = PBXBuildFile; fileRef = 397E42F81BAA93C1006BE9E7 /* KYCircularView.m */; };
		397F02D21B9EEEF500C413FE /* main.m in Sources */ = {isa = PBXBuildFile; fileRef = 397F02D11B9EEEF500C413FE /* main.m */; };
		397F02D51B9EEEF500C413FE /* AppDelegate.m in Sources */ = {isa = PBXBuildFile; fileRef = 397F02D41B9EEEF500C413FE /* AppDelegate.m */; };
		397F02D81B9EEEF500C413FE /* mia.xcdatamodeld in Sources */ = {isa = PBXBuildFile; fileRef = 397F02D61B9EEEF500C413FE /* mia.xcdatamodeld */; };
		397F02E01B9EEEF500C413FE /* Images.xcassets in Resources */ = {isa = PBXBuildFile; fileRef = 397F02DF1B9EEEF500C413FE /* Images.xcassets */; };
		397F02EF1B9EEEF500C413FE /* miaTests.m in Sources */ = {isa = PBXBuildFile; fileRef = 397F02EE1B9EEEF500C413FE /* miaTests.m */; };
		397FA5041BAADBD8003FD186 /* PXInfiniteScrollView.m in Sources */ = {isa = PBXBuildFile; fileRef = 397FA5031BAADBD8003FD186 /* PXInfiniteScrollView.m */; };
		397FA52B1BAC0CA7003FD186 /* MIALabel.m in Sources */ = {isa = PBXBuildFile; fileRef = 397FA50D1BAC0CA7003FD186 /* MIALabel.m */; };
		397FA52C1BAC0CA7003FD186 /* arrow@2x.png in Resources */ = {isa = PBXBuildFile; fileRef = 397FA5101BAC0CA7003FD186 /* arrow@2x.png */; };
		397FA52D1BAC0CA7003FD186 /* MIARefreshBaseView.m in Sources */ = {isa = PBXBuildFile; fileRef = 397FA5121BAC0CA7003FD186 /* MIARefreshBaseView.m */; };
		397FA52E1BAC0CA7003FD186 /* MIARefreshFooterView.m in Sources */ = {isa = PBXBuildFile; fileRef = 397FA5141BAC0CA7003FD186 /* MIARefreshFooterView.m */; };
		397FA52F1BAC0CA7003FD186 /* MIARefreshHeaderView.m in Sources */ = {isa = PBXBuildFile; fileRef = 397FA5161BAC0CA7003FD186 /* MIARefreshHeaderView.m */; };
		397FA5301BAC0CA7003FD186 /* UIScrollView+Extension.m in Sources */ = {isa = PBXBuildFile; fileRef = 397FA5181BAC0CA7003FD186 /* UIScrollView+Extension.m */; };
		397FA5321BAC0CA7003FD186 /* UIView+Extension.m in Sources */ = {isa = PBXBuildFile; fileRef = 397FA51C1BAC0CA7003FD186 /* UIView+Extension.m */; };
		397FA5331BAC0CA7003FD186 /* MIATexAlertView.m in Sources */ = {isa = PBXBuildFile; fileRef = 397FA51F1BAC0CA7003FD186 /* MIATexAlertView.m */; };
		397FA5341BAC0CA7003FD186 /* MIAGrowingTextView.m in Sources */ = {isa = PBXBuildFile; fileRef = 397FA5221BAC0CA7003FD186 /* MIAGrowingTextView.m */; };
		397FA5351BAC0CA7003FD186 /* MIATextViewInternal.m in Sources */ = {isa = PBXBuildFile; fileRef = 397FA5241BAC0CA7003FD186 /* MIATextViewInternal.m */; };
		397FA5361BAC0CA7003FD186 /* MIATipView.m in Sources */ = {isa = PBXBuildFile; fileRef = 397FA5271BAC0CA7003FD186 /* MIATipView.m */; };
		397FA5371BAC0CA7003FD186 /* MIAButton.m in Sources */ = {isa = PBXBuildFile; fileRef = 397FA52A1BAC0CA7003FD186 /* MIAButton.m */; };
		397FA53A1BAC0CF3003FD186 /* UIScrollView+MIARefresh.m in Sources */ = {isa = PBXBuildFile; fileRef = 397FA5391BAC0CF3003FD186 /* UIScrollView+MIARefresh.m */; };
		39BCADC81BA02F3100C6F7F2 /* MKAnnotationView+WebCache.m in Sources */ = {isa = PBXBuildFile; fileRef = 39BCADA81BA02F3100C6F7F2 /* MKAnnotationView+WebCache.m */; };
		39BCADC91BA02F3100C6F7F2 /* NSData+ImageContentType.m in Sources */ = {isa = PBXBuildFile; fileRef = 39BCADAA1BA02F3100C6F7F2 /* NSData+ImageContentType.m */; };
		39BCADCA1BA02F3100C6F7F2 /* SDImageCache.m in Sources */ = {isa = PBXBuildFile; fileRef = 39BCADAC1BA02F3100C6F7F2 /* SDImageCache.m */; };
		39BCADCB1BA02F3100C6F7F2 /* SDWebImageCompat.m in Sources */ = {isa = PBXBuildFile; fileRef = 39BCADAE1BA02F3100C6F7F2 /* SDWebImageCompat.m */; };
		39BCADCC1BA02F3100C6F7F2 /* SDWebImageDecoder.m in Sources */ = {isa = PBXBuildFile; fileRef = 39BCADB01BA02F3100C6F7F2 /* SDWebImageDecoder.m */; };
		39BCADCD1BA02F3100C6F7F2 /* SDWebImageDownloader.m in Sources */ = {isa = PBXBuildFile; fileRef = 39BCADB21BA02F3100C6F7F2 /* SDWebImageDownloader.m */; };
		39BCADCE1BA02F3100C6F7F2 /* SDWebImageDownloaderOperation.m in Sources */ = {isa = PBXBuildFile; fileRef = 39BCADB41BA02F3100C6F7F2 /* SDWebImageDownloaderOperation.m */; };
		39BCADCF1BA02F3100C6F7F2 /* SDWebImageManager.m in Sources */ = {isa = PBXBuildFile; fileRef = 39BCADB61BA02F3100C6F7F2 /* SDWebImageManager.m */; };
		39BCADD01BA02F3100C6F7F2 /* SDWebImagePrefetcher.m in Sources */ = {isa = PBXBuildFile; fileRef = 39BCADB91BA02F3100C6F7F2 /* SDWebImagePrefetcher.m */; };
		39BCADD11BA02F3100C6F7F2 /* UIButton+WebCache.m in Sources */ = {isa = PBXBuildFile; fileRef = 39BCADBB1BA02F3100C6F7F2 /* UIButton+WebCache.m */; };
		39BCADD21BA02F3100C6F7F2 /* UIImage+GIF.m in Sources */ = {isa = PBXBuildFile; fileRef = 39BCADBD1BA02F3100C6F7F2 /* UIImage+GIF.m */; };
		39BCADD31BA02F3100C6F7F2 /* UIImage+MultiFormat.m in Sources */ = {isa = PBXBuildFile; fileRef = 39BCADBF1BA02F3100C6F7F2 /* UIImage+MultiFormat.m */; };
		39BCADD41BA02F3100C6F7F2 /* UIImage+WebP.m in Sources */ = {isa = PBXBuildFile; fileRef = 39BCADC11BA02F3100C6F7F2 /* UIImage+WebP.m */; };
		39BCADD51BA02F3100C6F7F2 /* UIImageView+HighlightedWebCache.m in Sources */ = {isa = PBXBuildFile; fileRef = 39BCADC31BA02F3100C6F7F2 /* UIImageView+HighlightedWebCache.m */; };
		39BCADD61BA02F3100C6F7F2 /* UIImageView+WebCache.m in Sources */ = {isa = PBXBuildFile; fileRef = 39BCADC51BA02F3100C6F7F2 /* UIImageView+WebCache.m */; };
		39BCADD71BA02F3100C6F7F2 /* UIView+WebCacheOperation.m in Sources */ = {isa = PBXBuildFile; fileRef = 39BCADC71BA02F3100C6F7F2 /* UIView+WebCacheOperation.m */; };
		39BF8C581BB0F801003AB4FC /* MBProgressHUDHelp.m in Sources */ = {isa = PBXBuildFile; fileRef = 39BF8C571BB0F801003AB4FC /* MBProgressHUDHelp.m */; };
		39BF8C5C1BB13350003AB4FC /* UserSession.m in Sources */ = {isa = PBXBuildFile; fileRef = 39BF8C5B1BB13350003AB4FC /* UserSession.m */; };
		39BF8C601BB148DC003AB4FC /* favorite_red@2x.png in Resources */ = {isa = PBXBuildFile; fileRef = 39BF8C5E1BB148DC003AB4FC /* favorite_red@2x.png */; };
		39BF8C611BB148DC003AB4FC /* favorite_white@2x.png in Resources */ = {isa = PBXBuildFile; fileRef = 39BF8C5F1BB148DC003AB4FC /* favorite_white@2x.png */; };
		39BF8C631BB23517003AB4FC /* default_cover@2x.png in Resources */ = {isa = PBXBuildFile; fileRef = 39BF8C621BB23517003AB4FC /* default_cover@2x.png */; };
		39BF8C651BB24A12003AB4FC /* info@2x.png in Resources */ = {isa = PBXBuildFile; fileRef = 39BF8C641BB24A12003AB4FC /* info@2x.png */; };
		39BF8C711BB268B4003AB4FC /* ProfileCollectionViewCell.m in Sources */ = {isa = PBXBuildFile; fileRef = 39BF8C6C1BB268B4003AB4FC /* ProfileCollectionViewCell.m */; };
		39BF8C721BB268B4003AB4FC /* ProfileViewController.m in Sources */ = {isa = PBXBuildFile; fileRef = 39BF8C6E1BB268B4003AB4FC /* ProfileViewController.m */; };
		39BF8C741BB26E92003AB4FC /* setting@2x.png in Resources */ = {isa = PBXBuildFile; fileRef = 39BF8C731BB26E92003AB4FC /* setting@2x.png */; };
		39CA06121BAD67CC0074FD13 /* back@2x.png in Resources */ = {isa = PBXBuildFile; fileRef = 39CA06061BAD67CC0074FD13 /* back@2x.png */; };
		39CA06131BAD67CC0074FD13 /* comments@2x.png in Resources */ = {isa = PBXBuildFile; fileRef = 39CA06071BAD67CC0074FD13 /* comments@2x.png */; };
		39CA06161BAD67CC0074FD13 /* location@2x.png in Resources */ = {isa = PBXBuildFile; fileRef = 39CA060A1BAD67CC0074FD13 /* location@2x.png */; };
		39CA06181BAD67CC0074FD13 /* pause@2x.png in Resources */ = {isa = PBXBuildFile; fileRef = 39CA060C1BAD67CC0074FD13 /* pause@2x.png */; };
		39CA06191BAD67CC0074FD13 /* play@2x.png in Resources */ = {isa = PBXBuildFile; fileRef = 39CA060D1BAD67CC0074FD13 /* play@2x.png */; };
		39CA061A1BAD67CC0074FD13 /* profile_with_notification@2x.png in Resources */ = {isa = PBXBuildFile; fileRef = 39CA060E1BAD67CC0074FD13 /* profile_with_notification@2x.png */; };
		39CA061B1BAD67CC0074FD13 /* profile@2x.png in Resources */ = {isa = PBXBuildFile; fileRef = 39CA060F1BAD67CC0074FD13 /* profile@2x.png */; };
		39CA061C1BAD67CC0074FD13 /* share_music@2x.png in Resources */ = {isa = PBXBuildFile; fileRef = 39CA06101BAD67CC0074FD13 /* share_music@2x.png */; };
		39CA061D1BAD67CC0074FD13 /* views@2x.png in Resources */ = {isa = PBXBuildFile; fileRef = 39CA06111BAD67CC0074FD13 /* views@2x.png */; };
		39CA062C1BADBD6C0074FD13 /* DetailPlayerView.m in Sources */ = {isa = PBXBuildFile; fileRef = 39CA06201BADBD6C0074FD13 /* DetailPlayerView.m */; };
		39CA062D1BADBD6C0074FD13 /* DetailViewController.m in Sources */ = {isa = PBXBuildFile; fileRef = 39CA06221BADBD6C0074FD13 /* DetailViewController.m */; };
		39CA062E1BADBD6C0074FD13 /* LoopPlayerView.m in Sources */ = {isa = PBXBuildFile; fileRef = 39CA06251BADBD6C0074FD13 /* LoopPlayerView.m */; };
		39CA062F1BADBD6C0074FD13 /* PlayerView.m in Sources */ = {isa = PBXBuildFile; fileRef = 39CA06271BADBD6C0074FD13 /* PlayerView.m */; };
		39CA06301BADBD6C0074FD13 /* RadioView.m in Sources */ = {isa = PBXBuildFile; fileRef = 39CA06291BADBD6C0074FD13 /* RadioView.m */; };
		39CA06311BADBD6C0074FD13 /* RadioViewController.m in Sources */ = {isa = PBXBuildFile; fileRef = 39CA062B1BADBD6C0074FD13 /* RadioViewController.m */; };
		39CA06331BADC7390074FD13 /* more@2x.png in Resources */ = {isa = PBXBuildFile; fileRef = 39CA06321BADC7390074FD13 /* more@2x.png */; };
		39CA063A1BAEA1A40074FD13 /* CommentItem.m in Sources */ = {isa = PBXBuildFile; fileRef = 39CA06361BAEA1A40074FD13 /* CommentItem.m */; };
		39CA063B1BAEA1A40074FD13 /* CommentModel.m in Sources */ = {isa = PBXBuildFile; fileRef = 39CA06391BAEA1A40074FD13 /* CommentModel.m */; };
		66BB03BFEDEB5B4F4504614C /* libPods.a in Frameworks */ = {isa = PBXBuildFile; fileRef = 8FE68AFFBF4F159DD2430486 /* libPods.a */; };
/* End PBXBuildFile section */

/* Begin PBXContainerItemProxy section */
		397F02E91B9EEEF500C413FE /* PBXContainerItemProxy */ = {
			isa = PBXContainerItemProxy;
			containerPortal = 397F02C41B9EEEF500C413FE /* Project object */;
			proxyType = 1;
			remoteGlobalIDString = 397F02CB1B9EEEF500C413FE;
			remoteInfo = mia;
		};
/* End PBXContainerItemProxy section */

/* Begin PBXFileReference section */
		390BADBA1BAEB375006269FD /* CommentTableView.h */ = {isa = PBXFileReference; fileEncoding = 4; lastKnownFileType = sourcecode.c.h; path = CommentTableView.h; sourceTree = "<group>"; };
		390BADBB1BAEB375006269FD /* CommentTableView.m */ = {isa = PBXFileReference; fileEncoding = 4; lastKnownFileType = sourcecode.c.objc; path = CommentTableView.m; sourceTree = "<group>"; };
		390BADBC1BAEB375006269FD /* CommentTableViewCell.h */ = {isa = PBXFileReference; fileEncoding = 4; lastKnownFileType = sourcecode.c.h; path = CommentTableViewCell.h; sourceTree = "<group>"; };
		390BADBD1BAEB375006269FD /* CommentTableViewCell.m */ = {isa = PBXFileReference; fileEncoding = 4; lastKnownFileType = sourcecode.c.objc; path = CommentTableViewCell.m; sourceTree = "<group>"; };
		390BADC01BAEBDEA006269FD /* default_avatar@2x.jpeg */ = {isa = PBXFileReference; lastKnownFileType = image.jpeg; path = "default_avatar@2x.jpeg"; sourceTree = "<group>"; };
		390BADC21BAECA73006269FD /* edit_bg@2x.png */ = {isa = PBXFileReference; lastKnownFileType = image.png; path = "edit_bg@2x.png"; sourceTree = "<group>"; };
		390BADC31BAECA73006269FD /* edit_logo@2x.png */ = {isa = PBXFileReference; lastKnownFileType = image.png; path = "edit_logo@2x.png"; sourceTree = "<group>"; };
		390BADC71BAFD9FB006269FD /* LoginViewController.h */ = {isa = PBXFileReference; fileEncoding = 4; lastKnownFileType = sourcecode.c.h; path = LoginViewController.h; sourceTree = "<group>"; };
		390BADC81BAFD9FB006269FD /* LoginViewController.m */ = {isa = PBXFileReference; fileEncoding = 4; lastKnownFileType = sourcecode.c.objc; path = LoginViewController.m; sourceTree = "<group>"; };
		390BADCA1BAFDDC3006269FD /* login_bg@2x.png */ = {isa = PBXFileReference; lastKnownFileType = image.png; path = "login_bg@2x.png"; sourceTree = "<group>"; };
		390BADCC1BAFE188006269FD /* button_blue@2x.png */ = {isa = PBXFileReference; lastKnownFileType = image.png; path = "button_blue@2x.png"; sourceTree = "<group>"; };
		390BADCD1BAFE188006269FD /* button_white@2x.png */ = {isa = PBXFileReference; lastKnownFileType = image.png; path = "button_white@2x.png"; sourceTree = "<group>"; };
		390BADCE1BAFE188006269FD /* login_logo@2x.png */ = {isa = PBXFileReference; lastKnownFileType = image.png; path = "login_logo@2x.png"; sourceTree = "<group>"; };
		390BADD21BB00A5E006269FD /* SignUpViewController.h */ = {isa = PBXFileReference; fileEncoding = 4; lastKnownFileType = sourcecode.c.h; path = SignUpViewController.h; sourceTree = "<group>"; };
		390BADD31BB00A5E006269FD /* SignUpViewController.m */ = {isa = PBXFileReference; fileEncoding = 4; lastKnownFileType = sourcecode.c.objc; path = SignUpViewController.m; sourceTree = "<group>"; };
		390BADD51BB03A3E006269FD /* ResetPwdViewController.h */ = {isa = PBXFileReference; fileEncoding = 4; lastKnownFileType = sourcecode.c.h; path = ResetPwdViewController.h; sourceTree = "<group>"; };
		390BADD61BB03A3E006269FD /* ResetPwdViewController.m */ = {isa = PBXFileReference; fileEncoding = 4; lastKnownFileType = sourcecode.c.objc; path = ResetPwdViewController.m; sourceTree = "<group>"; };
		397E42761BA126AF006BE9E7 /* WebSocketMgr.h */ = {isa = PBXFileReference; fileEncoding = 4; lastKnownFileType = sourcecode.c.h; path = WebSocketMgr.h; sourceTree = "<group>"; };
		397E42771BA126AF006BE9E7 /* WebSocketMgr.m */ = {isa = PBXFileReference; fileEncoding = 4; lastKnownFileType = sourcecode.c.objc; path = WebSocketMgr.m; sourceTree = "<group>"; };
		397E42841BA6EC37006BE9E7 /* MiaAPIHelper.h */ = {isa = PBXFileReference; fileEncoding = 4; lastKnownFileType = sourcecode.c.h; path = MiaAPIHelper.h; sourceTree = "<group>"; };
		397E42851BA6EC37006BE9E7 /* MiaAPIHelper.m */ = {isa = PBXFileReference; fileEncoding = 4; lastKnownFileType = sourcecode.c.objc; path = MiaAPIHelper.m; sourceTree = "<group>"; };
		397E42881BA7CA5A006BE9E7 /* AAPullToRefresh.h */ = {isa = PBXFileReference; fileEncoding = 4; lastKnownFileType = sourcecode.c.h; path = AAPullToRefresh.h; sourceTree = "<group>"; };
		397E42891BA7CA5A006BE9E7 /* AAPullToRefresh.m */ = {isa = PBXFileReference; fileEncoding = 4; lastKnownFileType = sourcecode.c.objc; path = AAPullToRefresh.m; sourceTree = "<group>"; };
		397E428A1BA7CA5A006BE9E7 /* centerIcon@2x.png */ = {isa = PBXFileReference; lastKnownFileType = image.png; path = "centerIcon@2x.png"; sourceTree = "<group>"; };
		397E428B1BA7CA5A006BE9E7 /* launchpad@2x.png */ = {isa = PBXFileReference; lastKnownFileType = image.png; path = "launchpad@2x.png"; sourceTree = "<group>"; };
		397E42941BA81836006BE9E7 /* MusicItem.h */ = {isa = PBXFileReference; fileEncoding = 4; lastKnownFileType = sourcecode.c.h; path = MusicItem.h; sourceTree = "<group>"; };
		397E42951BA81836006BE9E7 /* MusicItem.m */ = {isa = PBXFileReference; fileEncoding = 4; lastKnownFileType = sourcecode.c.objc; path = MusicItem.m; sourceTree = "<group>"; };
		397E42981BA83131006BE9E7 /* ShareItem.h */ = {isa = PBXFileReference; fileEncoding = 4; lastKnownFileType = sourcecode.c.h; path = ShareItem.h; sourceTree = "<group>"; };
		397E42991BA83131006BE9E7 /* ShareItem.m */ = {isa = PBXFileReference; fileEncoding = 4; lastKnownFileType = sourcecode.c.objc; path = ShareItem.m; sourceTree = "<group>"; };
		397E429C1BA8EBE6006BE9E7 /* ShareListMgr.h */ = {isa = PBXFileReference; fileEncoding = 4; lastKnownFileType = sourcecode.c.h; path = ShareListMgr.h; sourceTree = "<group>"; };
		397E429D1BA8EBE6006BE9E7 /* ShareListMgr.m */ = {isa = PBXFileReference; fileEncoding = 4; lastKnownFileType = sourcecode.c.objc; path = ShareListMgr.m; sourceTree = "<group>"; };
		397E42A11BA90812006BE9E7 /* NSData+Base64.h */ = {isa = PBXFileReference; fileEncoding = 4; lastKnownFileType = sourcecode.c.h; path = "NSData+Base64.h"; sourceTree = "<group>"; };
		397E42A21BA90812006BE9E7 /* NSData+Base64.m */ = {isa = PBXFileReference; fileEncoding = 4; lastKnownFileType = sourcecode.c.objc; path = "NSData+Base64.m"; sourceTree = "<group>"; };
		397E42A41BA90812006BE9E7 /* NSObject+PropertyAndMethods.h */ = {isa = PBXFileReference; fileEncoding = 4; lastKnownFileType = sourcecode.c.h; path = "NSObject+PropertyAndMethods.h"; sourceTree = "<group>"; };
		397E42A51BA90812006BE9E7 /* NSObject+PropertyAndMethods.m */ = {isa = PBXFileReference; fileEncoding = 4; lastKnownFileType = sourcecode.c.objc; path = "NSObject+PropertyAndMethods.m"; sourceTree = "<group>"; };
		397E42A71BA90812006BE9E7 /* NSString+DateFormatter.h */ = {isa = PBXFileReference; fileEncoding = 4; lastKnownFileType = sourcecode.c.h; path = "NSString+DateFormatter.h"; sourceTree = "<group>"; };
		397E42A81BA90812006BE9E7 /* NSString+DateFormatter.m */ = {isa = PBXFileReference; fileEncoding = 4; lastKnownFileType = sourcecode.c.objc; path = "NSString+DateFormatter.m"; sourceTree = "<group>"; };
		397E42AA1BA90812006BE9E7 /* NSString+Emoji.h */ = {isa = PBXFileReference; fileEncoding = 4; lastKnownFileType = sourcecode.c.h; path = "NSString+Emoji.h"; sourceTree = "<group>"; };
		397E42AB1BA90812006BE9E7 /* NSString+Emoji.m */ = {isa = PBXFileReference; fileEncoding = 4; lastKnownFileType = sourcecode.c.objc; path = "NSString+Emoji.m"; sourceTree = "<group>"; };
		397E42AD1BA90812006BE9E7 /* NSString+IsNull.h */ = {isa = PBXFileReference; fileEncoding = 4; lastKnownFileType = sourcecode.c.h; path = "NSString+IsNull.h"; sourceTree = "<group>"; };
		397E42AE1BA90812006BE9E7 /* NSString+IsNull.m */ = {isa = PBXFileReference; fileEncoding = 4; lastKnownFileType = sourcecode.c.objc; path = "NSString+IsNull.m"; sourceTree = "<group>"; };
		397E42B01BA90812006BE9E7 /* NSString+MD5.h */ = {isa = PBXFileReference; fileEncoding = 4; lastKnownFileType = sourcecode.c.h; path = "NSString+MD5.h"; sourceTree = "<group>"; };
		397E42B11BA90812006BE9E7 /* NSString+MD5.m */ = {isa = PBXFileReference; fileEncoding = 4; lastKnownFileType = sourcecode.c.objc; path = "NSString+MD5.m"; sourceTree = "<group>"; };
		397E42B41BA90812006BE9E7 /* UIButton+UIButtonExt.h */ = {isa = PBXFileReference; fileEncoding = 4; lastKnownFileType = sourcecode.c.h; path = "UIButton+UIButtonExt.h"; sourceTree = "<group>"; };
		397E42B51BA90812006BE9E7 /* UIButton+UIButtonExt.m */ = {isa = PBXFileReference; fileEncoding = 4; lastKnownFileType = sourcecode.c.objc; path = "UIButton+UIButtonExt.m"; sourceTree = "<group>"; };
		397E42B71BA90812006BE9E7 /* UIColor+HexColorString.h */ = {isa = PBXFileReference; fileEncoding = 4; lastKnownFileType = sourcecode.c.h; path = "UIColor+HexColorString.h"; sourceTree = "<group>"; };
		397E42B81BA90812006BE9E7 /* UIColor+HexColorString.m */ = {isa = PBXFileReference; fileEncoding = 4; lastKnownFileType = sourcecode.c.objc; path = "UIColor+HexColorString.m"; sourceTree = "<group>"; };
		397E42BA1BA90812006BE9E7 /* UIImage+ColorToImage.h */ = {isa = PBXFileReference; fileEncoding = 4; lastKnownFileType = sourcecode.c.h; path = "UIImage+ColorToImage.h"; sourceTree = "<group>"; };
		397E42BB1BA90812006BE9E7 /* UIImage+ColorToImage.m */ = {isa = PBXFileReference; fileEncoding = 4; lastKnownFileType = sourcecode.c.objc; path = "UIImage+ColorToImage.m"; sourceTree = "<group>"; };
		397E42BD1BA90812006BE9E7 /* UIImage+Extrude.h */ = {isa = PBXFileReference; fileEncoding = 4; lastKnownFileType = sourcecode.c.h; path = "UIImage+Extrude.h"; sourceTree = "<group>"; };
		397E42BE1BA90812006BE9E7 /* UIImage+Extrude.m */ = {isa = PBXFileReference; fileEncoding = 4; lastKnownFileType = sourcecode.c.objc; path = "UIImage+Extrude.m"; sourceTree = "<group>"; };
		397E42C01BA90812006BE9E7 /* UIImage+ImageEffects.h */ = {isa = PBXFileReference; fileEncoding = 4; lastKnownFileType = sourcecode.c.h; path = "UIImage+ImageEffects.h"; sourceTree = "<group>"; };
		397E42C11BA90812006BE9E7 /* UIImage+ImageEffects.m */ = {isa = PBXFileReference; fileEncoding = 4; lastKnownFileType = sourcecode.c.objc; path = "UIImage+ImageEffects.m"; sourceTree = "<group>"; };
		397E42C31BA90812006BE9E7 /* UIImageView+BlurredImage.h */ = {isa = PBXFileReference; fileEncoding = 4; lastKnownFileType = sourcecode.c.h; path = "UIImageView+BlurredImage.h"; sourceTree = "<group>"; };
		397E42C41BA90812006BE9E7 /* UIImageView+BlurredImage.m */ = {isa = PBXFileReference; fileEncoding = 4; lastKnownFileType = sourcecode.c.objc; path = "UIImageView+BlurredImage.m"; sourceTree = "<group>"; };
		397E42C61BA90812006BE9E7 /* UIScrollView+AllowPanGestureEventPass.h */ = {isa = PBXFileReference; fileEncoding = 4; lastKnownFileType = sourcecode.c.h; path = "UIScrollView+AllowPanGestureEventPass.h"; sourceTree = "<group>"; };
		397E42C71BA90812006BE9E7 /* UIScrollView+AllowPanGestureEventPass.m */ = {isa = PBXFileReference; fileEncoding = 4; lastKnownFileType = sourcecode.c.objc; path = "UIScrollView+AllowPanGestureEventPass.m"; sourceTree = "<group>"; };
		397E42C91BA90812006BE9E7 /* MusicPlayerMgr.h */ = {isa = PBXFileReference; fileEncoding = 4; lastKnownFileType = sourcecode.c.h; path = MusicPlayerMgr.h; sourceTree = "<group>"; };
		397E42CA1BA90812006BE9E7 /* MusicPlayerMgr.m */ = {isa = PBXFileReference; fileEncoding = 4; lastKnownFileType = sourcecode.c.objc; path = MusicPlayerMgr.m; sourceTree = "<group>"; };
		397E42CC1BA90812006BE9E7 /* UserDefaultsUtils.h */ = {isa = PBXFileReference; fileEncoding = 4; lastKnownFileType = sourcecode.c.h; path = UserDefaultsUtils.h; sourceTree = "<group>"; };
		397E42CD1BA90812006BE9E7 /* UserDefaultsUtils.m */ = {isa = PBXFileReference; fileEncoding = 4; lastKnownFileType = sourcecode.c.objc; path = UserDefaultsUtils.m; sourceTree = "<group>"; };
		397E42F71BAA93C1006BE9E7 /* KYCircularView.h */ = {isa = PBXFileReference; fileEncoding = 4; lastKnownFileType = sourcecode.c.h; path = KYCircularView.h; sourceTree = "<group>"; };
		397E42F81BAA93C1006BE9E7 /* KYCircularView.m */ = {isa = PBXFileReference; fileEncoding = 4; lastKnownFileType = sourcecode.c.objc; path = KYCircularView.m; sourceTree = "<group>"; };
		397F02CC1B9EEEF500C413FE /* mia.app */ = {isa = PBXFileReference; explicitFileType = wrapper.application; includeInIndex = 0; path = mia.app; sourceTree = BUILT_PRODUCTS_DIR; };
		397F02D01B9EEEF500C413FE /* Info.plist */ = {isa = PBXFileReference; lastKnownFileType = text.plist.xml; path = Info.plist; sourceTree = "<group>"; };
		397F02D11B9EEEF500C413FE /* main.m */ = {isa = PBXFileReference; lastKnownFileType = sourcecode.c.objc; path = main.m; sourceTree = "<group>"; };
		397F02D31B9EEEF500C413FE /* AppDelegate.h */ = {isa = PBXFileReference; lastKnownFileType = sourcecode.c.h; path = AppDelegate.h; sourceTree = "<group>"; };
		397F02D41B9EEEF500C413FE /* AppDelegate.m */ = {isa = PBXFileReference; lastKnownFileType = sourcecode.c.objc; path = AppDelegate.m; sourceTree = "<group>"; };
		397F02D71B9EEEF500C413FE /* mia.xcdatamodel */ = {isa = PBXFileReference; lastKnownFileType = wrapper.xcdatamodel; path = mia.xcdatamodel; sourceTree = "<group>"; };
		397F02DF1B9EEEF500C413FE /* Images.xcassets */ = {isa = PBXFileReference; lastKnownFileType = folder.assetcatalog; path = Images.xcassets; sourceTree = "<group>"; };
		397F02E81B9EEEF500C413FE /* miaTests.xctest */ = {isa = PBXFileReference; explicitFileType = wrapper.cfbundle; includeInIndex = 0; path = miaTests.xctest; sourceTree = BUILT_PRODUCTS_DIR; };
		397F02ED1B9EEEF500C413FE /* Info.plist */ = {isa = PBXFileReference; lastKnownFileType = text.plist.xml; path = Info.plist; sourceTree = "<group>"; };
		397F02EE1B9EEEF500C413FE /* miaTests.m */ = {isa = PBXFileReference; lastKnownFileType = sourcecode.c.objc; path = miaTests.m; sourceTree = "<group>"; };
		397FA5021BAADBD8003FD186 /* PXInfiniteScrollView.h */ = {isa = PBXFileReference; fileEncoding = 4; lastKnownFileType = sourcecode.c.h; path = PXInfiniteScrollView.h; sourceTree = "<group>"; };
		397FA5031BAADBD8003FD186 /* PXInfiniteScrollView.m */ = {isa = PBXFileReference; fileEncoding = 4; lastKnownFileType = sourcecode.c.objc; path = PXInfiniteScrollView.m; sourceTree = "<group>"; };
		397FA50C1BAC0CA7003FD186 /* MIALabel.h */ = {isa = PBXFileReference; fileEncoding = 4; lastKnownFileType = sourcecode.c.h; path = MIALabel.h; sourceTree = "<group>"; };
		397FA50D1BAC0CA7003FD186 /* MIALabel.m */ = {isa = PBXFileReference; fileEncoding = 4; lastKnownFileType = sourcecode.c.objc; path = MIALabel.m; sourceTree = "<group>"; };
		397FA5101BAC0CA7003FD186 /* arrow@2x.png */ = {isa = PBXFileReference; lastKnownFileType = image.png; path = "arrow@2x.png"; sourceTree = "<group>"; };
		397FA5111BAC0CA7003FD186 /* MIARefreshBaseView.h */ = {isa = PBXFileReference; fileEncoding = 4; lastKnownFileType = sourcecode.c.h; path = MIARefreshBaseView.h; sourceTree = "<group>"; };
		397FA5121BAC0CA7003FD186 /* MIARefreshBaseView.m */ = {isa = PBXFileReference; fileEncoding = 4; lastKnownFileType = sourcecode.c.objc; path = MIARefreshBaseView.m; sourceTree = "<group>"; };
		397FA5131BAC0CA7003FD186 /* MIARefreshFooterView.h */ = {isa = PBXFileReference; fileEncoding = 4; lastKnownFileType = sourcecode.c.h; path = MIARefreshFooterView.h; sourceTree = "<group>"; };
		397FA5141BAC0CA7003FD186 /* MIARefreshFooterView.m */ = {isa = PBXFileReference; fileEncoding = 4; lastKnownFileType = sourcecode.c.objc; path = MIARefreshFooterView.m; sourceTree = "<group>"; };
		397FA5151BAC0CA7003FD186 /* MIARefreshHeaderView.h */ = {isa = PBXFileReference; fileEncoding = 4; lastKnownFileType = sourcecode.c.h; path = MIARefreshHeaderView.h; sourceTree = "<group>"; };
		397FA5161BAC0CA7003FD186 /* MIARefreshHeaderView.m */ = {isa = PBXFileReference; fileEncoding = 4; lastKnownFileType = sourcecode.c.objc; path = MIARefreshHeaderView.m; sourceTree = "<group>"; };
		397FA5171BAC0CA7003FD186 /* UIScrollView+Extension.h */ = {isa = PBXFileReference; fileEncoding = 4; lastKnownFileType = sourcecode.c.h; path = "UIScrollView+Extension.h"; sourceTree = "<group>"; };
		397FA5181BAC0CA7003FD186 /* UIScrollView+Extension.m */ = {isa = PBXFileReference; fileEncoding = 4; lastKnownFileType = sourcecode.c.objc; path = "UIScrollView+Extension.m"; sourceTree = "<group>"; };
		397FA51B1BAC0CA7003FD186 /* UIView+Extension.h */ = {isa = PBXFileReference; fileEncoding = 4; lastKnownFileType = sourcecode.c.h; path = "UIView+Extension.h"; sourceTree = "<group>"; };
		397FA51C1BAC0CA7003FD186 /* UIView+Extension.m */ = {isa = PBXFileReference; fileEncoding = 4; lastKnownFileType = sourcecode.c.objc; path = "UIView+Extension.m"; sourceTree = "<group>"; };
		397FA51E1BAC0CA7003FD186 /* MIATexAlertView.h */ = {isa = PBXFileReference; fileEncoding = 4; lastKnownFileType = sourcecode.c.h; path = MIATexAlertView.h; sourceTree = "<group>"; };
		397FA51F1BAC0CA7003FD186 /* MIATexAlertView.m */ = {isa = PBXFileReference; fileEncoding = 4; lastKnownFileType = sourcecode.c.objc; path = MIATexAlertView.m; sourceTree = "<group>"; };
		397FA5211BAC0CA7003FD186 /* MIAGrowingTextView.h */ = {isa = PBXFileReference; fileEncoding = 4; lastKnownFileType = sourcecode.c.h; path = MIAGrowingTextView.h; sourceTree = "<group>"; };
		397FA5221BAC0CA7003FD186 /* MIAGrowingTextView.m */ = {isa = PBXFileReference; fileEncoding = 4; lastKnownFileType = sourcecode.c.objc; path = MIAGrowingTextView.m; sourceTree = "<group>"; };
		397FA5231BAC0CA7003FD186 /* MIATextViewInternal.h */ = {isa = PBXFileReference; fileEncoding = 4; lastKnownFileType = sourcecode.c.h; path = MIATextViewInternal.h; sourceTree = "<group>"; };
		397FA5241BAC0CA7003FD186 /* MIATextViewInternal.m */ = {isa = PBXFileReference; fileEncoding = 4; lastKnownFileType = sourcecode.c.objc; path = MIATextViewInternal.m; sourceTree = "<group>"; };
		397FA5261BAC0CA7003FD186 /* MIATipView.h */ = {isa = PBXFileReference; fileEncoding = 4; lastKnownFileType = sourcecode.c.h; path = MIATipView.h; sourceTree = "<group>"; };
		397FA5271BAC0CA7003FD186 /* MIATipView.m */ = {isa = PBXFileReference; fileEncoding = 4; lastKnownFileType = sourcecode.c.objc; path = MIATipView.m; sourceTree = "<group>"; };
		397FA5291BAC0CA7003FD186 /* MIAButton.h */ = {isa = PBXFileReference; fileEncoding = 4; lastKnownFileType = sourcecode.c.h; path = MIAButton.h; sourceTree = "<group>"; };
		397FA52A1BAC0CA7003FD186 /* MIAButton.m */ = {isa = PBXFileReference; fileEncoding = 4; lastKnownFileType = sourcecode.c.objc; path = MIAButton.m; sourceTree = "<group>"; };
		397FA5381BAC0CF3003FD186 /* UIScrollView+MIARefresh.h */ = {isa = PBXFileReference; fileEncoding = 4; lastKnownFileType = sourcecode.c.h; path = "UIScrollView+MIARefresh.h"; sourceTree = "<group>"; };
		397FA5391BAC0CF3003FD186 /* UIScrollView+MIARefresh.m */ = {isa = PBXFileReference; fileEncoding = 4; lastKnownFileType = sourcecode.c.objc; path = "UIScrollView+MIARefresh.m"; sourceTree = "<group>"; };
		39BCAD3C1B9F13A800C6F7F2 /* mia-Prefix.pch */ = {isa = PBXFileReference; fileEncoding = 4; lastKnownFileType = sourcecode.c.h; path = "mia-Prefix.pch"; sourceTree = "<group>"; };
		39BCAD3E1B9F141B00C6F7F2 /* AppMacro.h */ = {isa = PBXFileReference; fileEncoding = 4; lastKnownFileType = sourcecode.c.h; path = AppMacro.h; sourceTree = "<group>"; };
		39BCADA71BA02F3100C6F7F2 /* MKAnnotationView+WebCache.h */ = {isa = PBXFileReference; fileEncoding = 4; lastKnownFileType = sourcecode.c.h; path = "MKAnnotationView+WebCache.h"; sourceTree = "<group>"; };
		39BCADA81BA02F3100C6F7F2 /* MKAnnotationView+WebCache.m */ = {isa = PBXFileReference; fileEncoding = 4; lastKnownFileType = sourcecode.c.objc; path = "MKAnnotationView+WebCache.m"; sourceTree = "<group>"; };
		39BCADA91BA02F3100C6F7F2 /* NSData+ImageContentType.h */ = {isa = PBXFileReference; fileEncoding = 4; lastKnownFileType = sourcecode.c.h; path = "NSData+ImageContentType.h"; sourceTree = "<group>"; };
		39BCADAA1BA02F3100C6F7F2 /* NSData+ImageContentType.m */ = {isa = PBXFileReference; fileEncoding = 4; lastKnownFileType = sourcecode.c.objc; path = "NSData+ImageContentType.m"; sourceTree = "<group>"; };
		39BCADAB1BA02F3100C6F7F2 /* SDImageCache.h */ = {isa = PBXFileReference; fileEncoding = 4; lastKnownFileType = sourcecode.c.h; path = SDImageCache.h; sourceTree = "<group>"; };
		39BCADAC1BA02F3100C6F7F2 /* SDImageCache.m */ = {isa = PBXFileReference; fileEncoding = 4; lastKnownFileType = sourcecode.c.objc; path = SDImageCache.m; sourceTree = "<group>"; };
		39BCADAD1BA02F3100C6F7F2 /* SDWebImageCompat.h */ = {isa = PBXFileReference; fileEncoding = 4; lastKnownFileType = sourcecode.c.h; path = SDWebImageCompat.h; sourceTree = "<group>"; };
		39BCADAE1BA02F3100C6F7F2 /* SDWebImageCompat.m */ = {isa = PBXFileReference; fileEncoding = 4; lastKnownFileType = sourcecode.c.objc; path = SDWebImageCompat.m; sourceTree = "<group>"; };
		39BCADAF1BA02F3100C6F7F2 /* SDWebImageDecoder.h */ = {isa = PBXFileReference; fileEncoding = 4; lastKnownFileType = sourcecode.c.h; path = SDWebImageDecoder.h; sourceTree = "<group>"; };
		39BCADB01BA02F3100C6F7F2 /* SDWebImageDecoder.m */ = {isa = PBXFileReference; fileEncoding = 4; lastKnownFileType = sourcecode.c.objc; path = SDWebImageDecoder.m; sourceTree = "<group>"; };
		39BCADB11BA02F3100C6F7F2 /* SDWebImageDownloader.h */ = {isa = PBXFileReference; fileEncoding = 4; lastKnownFileType = sourcecode.c.h; path = SDWebImageDownloader.h; sourceTree = "<group>"; };
		39BCADB21BA02F3100C6F7F2 /* SDWebImageDownloader.m */ = {isa = PBXFileReference; fileEncoding = 4; lastKnownFileType = sourcecode.c.objc; path = SDWebImageDownloader.m; sourceTree = "<group>"; };
		39BCADB31BA02F3100C6F7F2 /* SDWebImageDownloaderOperation.h */ = {isa = PBXFileReference; fileEncoding = 4; lastKnownFileType = sourcecode.c.h; path = SDWebImageDownloaderOperation.h; sourceTree = "<group>"; };
		39BCADB41BA02F3100C6F7F2 /* SDWebImageDownloaderOperation.m */ = {isa = PBXFileReference; fileEncoding = 4; lastKnownFileType = sourcecode.c.objc; path = SDWebImageDownloaderOperation.m; sourceTree = "<group>"; };
		39BCADB51BA02F3100C6F7F2 /* SDWebImageManager.h */ = {isa = PBXFileReference; fileEncoding = 4; lastKnownFileType = sourcecode.c.h; path = SDWebImageManager.h; sourceTree = "<group>"; };
		39BCADB61BA02F3100C6F7F2 /* SDWebImageManager.m */ = {isa = PBXFileReference; fileEncoding = 4; lastKnownFileType = sourcecode.c.objc; path = SDWebImageManager.m; sourceTree = "<group>"; };
		39BCADB71BA02F3100C6F7F2 /* SDWebImageOperation.h */ = {isa = PBXFileReference; fileEncoding = 4; lastKnownFileType = sourcecode.c.h; path = SDWebImageOperation.h; sourceTree = "<group>"; };
		39BCADB81BA02F3100C6F7F2 /* SDWebImagePrefetcher.h */ = {isa = PBXFileReference; fileEncoding = 4; lastKnownFileType = sourcecode.c.h; path = SDWebImagePrefetcher.h; sourceTree = "<group>"; };
		39BCADB91BA02F3100C6F7F2 /* SDWebImagePrefetcher.m */ = {isa = PBXFileReference; fileEncoding = 4; lastKnownFileType = sourcecode.c.objc; path = SDWebImagePrefetcher.m; sourceTree = "<group>"; };
		39BCADBA1BA02F3100C6F7F2 /* UIButton+WebCache.h */ = {isa = PBXFileReference; fileEncoding = 4; lastKnownFileType = sourcecode.c.h; path = "UIButton+WebCache.h"; sourceTree = "<group>"; };
		39BCADBB1BA02F3100C6F7F2 /* UIButton+WebCache.m */ = {isa = PBXFileReference; fileEncoding = 4; lastKnownFileType = sourcecode.c.objc; path = "UIButton+WebCache.m"; sourceTree = "<group>"; };
		39BCADBC1BA02F3100C6F7F2 /* UIImage+GIF.h */ = {isa = PBXFileReference; fileEncoding = 4; lastKnownFileType = sourcecode.c.h; path = "UIImage+GIF.h"; sourceTree = "<group>"; };
		39BCADBD1BA02F3100C6F7F2 /* UIImage+GIF.m */ = {isa = PBXFileReference; fileEncoding = 4; lastKnownFileType = sourcecode.c.objc; path = "UIImage+GIF.m"; sourceTree = "<group>"; };
		39BCADBE1BA02F3100C6F7F2 /* UIImage+MultiFormat.h */ = {isa = PBXFileReference; fileEncoding = 4; lastKnownFileType = sourcecode.c.h; path = "UIImage+MultiFormat.h"; sourceTree = "<group>"; };
		39BCADBF1BA02F3100C6F7F2 /* UIImage+MultiFormat.m */ = {isa = PBXFileReference; fileEncoding = 4; lastKnownFileType = sourcecode.c.objc; path = "UIImage+MultiFormat.m"; sourceTree = "<group>"; };
		39BCADC01BA02F3100C6F7F2 /* UIImage+WebP.h */ = {isa = PBXFileReference; fileEncoding = 4; lastKnownFileType = sourcecode.c.h; path = "UIImage+WebP.h"; sourceTree = "<group>"; };
		39BCADC11BA02F3100C6F7F2 /* UIImage+WebP.m */ = {isa = PBXFileReference; fileEncoding = 4; lastKnownFileType = sourcecode.c.objc; path = "UIImage+WebP.m"; sourceTree = "<group>"; };
		39BCADC21BA02F3100C6F7F2 /* UIImageView+HighlightedWebCache.h */ = {isa = PBXFileReference; fileEncoding = 4; lastKnownFileType = sourcecode.c.h; path = "UIImageView+HighlightedWebCache.h"; sourceTree = "<group>"; };
		39BCADC31BA02F3100C6F7F2 /* UIImageView+HighlightedWebCache.m */ = {isa = PBXFileReference; fileEncoding = 4; lastKnownFileType = sourcecode.c.objc; path = "UIImageView+HighlightedWebCache.m"; sourceTree = "<group>"; };
		39BCADC41BA02F3100C6F7F2 /* UIImageView+WebCache.h */ = {isa = PBXFileReference; fileEncoding = 4; lastKnownFileType = sourcecode.c.h; path = "UIImageView+WebCache.h"; sourceTree = "<group>"; };
		39BCADC51BA02F3100C6F7F2 /* UIImageView+WebCache.m */ = {isa = PBXFileReference; fileEncoding = 4; lastKnownFileType = sourcecode.c.objc; path = "UIImageView+WebCache.m"; sourceTree = "<group>"; };
		39BCADC61BA02F3100C6F7F2 /* UIView+WebCacheOperation.h */ = {isa = PBXFileReference; fileEncoding = 4; lastKnownFileType = sourcecode.c.h; path = "UIView+WebCacheOperation.h"; sourceTree = "<group>"; };
		39BCADC71BA02F3100C6F7F2 /* UIView+WebCacheOperation.m */ = {isa = PBXFileReference; fileEncoding = 4; lastKnownFileType = sourcecode.c.objc; path = "UIView+WebCacheOperation.m"; sourceTree = "<group>"; };
		39BF8C561BB0F801003AB4FC /* MBProgressHUDHelp.h */ = {isa = PBXFileReference; fileEncoding = 4; lastKnownFileType = sourcecode.c.h; path = MBProgressHUDHelp.h; sourceTree = "<group>"; };
		39BF8C571BB0F801003AB4FC /* MBProgressHUDHelp.m */ = {isa = PBXFileReference; fileEncoding = 4; lastKnownFileType = sourcecode.c.objc; path = MBProgressHUDHelp.m; sourceTree = "<group>"; };
		39BF8C5A1BB13350003AB4FC /* UserSession.h */ = {isa = PBXFileReference; fileEncoding = 4; lastKnownFileType = sourcecode.c.h; path = UserSession.h; sourceTree = "<group>"; };
		39BF8C5B1BB13350003AB4FC /* UserSession.m */ = {isa = PBXFileReference; fileEncoding = 4; lastKnownFileType = sourcecode.c.objc; path = UserSession.m; sourceTree = "<group>"; };
		39BF8C5D1BB14244003AB4FC /* MiaAPIMacro.h */ = {isa = PBXFileReference; fileEncoding = 4; lastKnownFileType = sourcecode.c.h; path = MiaAPIMacro.h; sourceTree = "<group>"; };
		39BF8C5E1BB148DC003AB4FC /* favorite_red@2x.png */ = {isa = PBXFileReference; lastKnownFileType = image.png; path = "favorite_red@2x.png"; sourceTree = "<group>"; };
		39BF8C5F1BB148DC003AB4FC /* favorite_white@2x.png */ = {isa = PBXFileReference; lastKnownFileType = image.png; path = "favorite_white@2x.png"; sourceTree = "<group>"; };
		39BF8C621BB23517003AB4FC /* default_cover@2x.png */ = {isa = PBXFileReference; lastKnownFileType = image.png; path = "default_cover@2x.png"; sourceTree = "<group>"; };
		39BF8C641BB24A12003AB4FC /* info@2x.png */ = {isa = PBXFileReference; lastKnownFileType = image.png; path = "info@2x.png"; sourceTree = "<group>"; };
		39BF8C6B1BB268B4003AB4FC /* ProfileCollectionViewCell.h */ = {isa = PBXFileReference; fileEncoding = 4; lastKnownFileType = sourcecode.c.h; path = ProfileCollectionViewCell.h; sourceTree = "<group>"; };
		39BF8C6C1BB268B4003AB4FC /* ProfileCollectionViewCell.m */ = {isa = PBXFileReference; fileEncoding = 4; lastKnownFileType = sourcecode.c.objc; path = ProfileCollectionViewCell.m; sourceTree = "<group>"; };
		39BF8C6D1BB268B4003AB4FC /* ProfileViewController.h */ = {isa = PBXFileReference; fileEncoding = 4; lastKnownFileType = sourcecode.c.h; path = ProfileViewController.h; sourceTree = "<group>"; };
		39BF8C6E1BB268B4003AB4FC /* ProfileViewController.m */ = {isa = PBXFileReference; fileEncoding = 4; lastKnownFileType = sourcecode.c.objc; path = ProfileViewController.m; sourceTree = "<group>"; };
		39BF8C731BB26E92003AB4FC /* setting@2x.png */ = {isa = PBXFileReference; lastKnownFileType = image.png; path = "setting@2x.png"; sourceTree = "<group>"; };
		39CA06061BAD67CC0074FD13 /* back@2x.png */ = {isa = PBXFileReference; lastKnownFileType = image.png; path = "back@2x.png"; sourceTree = "<group>"; };
		39CA06071BAD67CC0074FD13 /* comments@2x.png */ = {isa = PBXFileReference; lastKnownFileType = image.png; path = "comments@2x.png"; sourceTree = "<group>"; };
		39CA060A1BAD67CC0074FD13 /* location@2x.png */ = {isa = PBXFileReference; lastKnownFileType = image.png; path = "location@2x.png"; sourceTree = "<group>"; };
		39CA060C1BAD67CC0074FD13 /* pause@2x.png */ = {isa = PBXFileReference; lastKnownFileType = image.png; path = "pause@2x.png"; sourceTree = "<group>"; };
		39CA060D1BAD67CC0074FD13 /* play@2x.png */ = {isa = PBXFileReference; lastKnownFileType = image.png; path = "play@2x.png"; sourceTree = "<group>"; };
		39CA060E1BAD67CC0074FD13 /* profile_with_notification@2x.png */ = {isa = PBXFileReference; lastKnownFileType = image.png; path = "profile_with_notification@2x.png"; sourceTree = "<group>"; };
		39CA060F1BAD67CC0074FD13 /* profile@2x.png */ = {isa = PBXFileReference; lastKnownFileType = image.png; path = "profile@2x.png"; sourceTree = "<group>"; };
		39CA06101BAD67CC0074FD13 /* share_music@2x.png */ = {isa = PBXFileReference; lastKnownFileType = image.png; path = "share_music@2x.png"; sourceTree = "<group>"; };
		39CA06111BAD67CC0074FD13 /* views@2x.png */ = {isa = PBXFileReference; lastKnownFileType = image.png; path = "views@2x.png"; sourceTree = "<group>"; };
		39CA061F1BADBD6C0074FD13 /* DetailPlayerView.h */ = {isa = PBXFileReference; fileEncoding = 4; lastKnownFileType = sourcecode.c.h; path = DetailPlayerView.h; sourceTree = "<group>"; };
		39CA06201BADBD6C0074FD13 /* DetailPlayerView.m */ = {isa = PBXFileReference; fileEncoding = 4; lastKnownFileType = sourcecode.c.objc; path = DetailPlayerView.m; sourceTree = "<group>"; };
		39CA06211BADBD6C0074FD13 /* DetailViewController.h */ = {isa = PBXFileReference; fileEncoding = 4; lastKnownFileType = sourcecode.c.h; path = DetailViewController.h; sourceTree = "<group>"; };
		39CA06221BADBD6C0074FD13 /* DetailViewController.m */ = {isa = PBXFileReference; fileEncoding = 4; lastKnownFileType = sourcecode.c.objc; path = DetailViewController.m; sourceTree = "<group>"; };
		39CA06241BADBD6C0074FD13 /* LoopPlayerView.h */ = {isa = PBXFileReference; fileEncoding = 4; lastKnownFileType = sourcecode.c.h; path = LoopPlayerView.h; sourceTree = "<group>"; };
		39CA06251BADBD6C0074FD13 /* LoopPlayerView.m */ = {isa = PBXFileReference; fileEncoding = 4; lastKnownFileType = sourcecode.c.objc; path = LoopPlayerView.m; sourceTree = "<group>"; };
		39CA06261BADBD6C0074FD13 /* PlayerView.h */ = {isa = PBXFileReference; fileEncoding = 4; lastKnownFileType = sourcecode.c.h; path = PlayerView.h; sourceTree = "<group>"; };
		39CA06271BADBD6C0074FD13 /* PlayerView.m */ = {isa = PBXFileReference; fileEncoding = 4; lastKnownFileType = sourcecode.c.objc; path = PlayerView.m; sourceTree = "<group>"; };
		39CA06281BADBD6C0074FD13 /* RadioView.h */ = {isa = PBXFileReference; fileEncoding = 4; lastKnownFileType = sourcecode.c.h; path = RadioView.h; sourceTree = "<group>"; };
		39CA06291BADBD6C0074FD13 /* RadioView.m */ = {isa = PBXFileReference; fileEncoding = 4; lastKnownFileType = sourcecode.c.objc; path = RadioView.m; sourceTree = "<group>"; };
		39CA062A1BADBD6C0074FD13 /* RadioViewController.h */ = {isa = PBXFileReference; fileEncoding = 4; lastKnownFileType = sourcecode.c.h; path = RadioViewController.h; sourceTree = "<group>"; };
		39CA062B1BADBD6C0074FD13 /* RadioViewController.m */ = {isa = PBXFileReference; fileEncoding = 4; lastKnownFileType = sourcecode.c.objc; path = RadioViewController.m; sourceTree = "<group>"; };
		39CA06321BADC7390074FD13 /* more@2x.png */ = {isa = PBXFileReference; lastKnownFileType = image.png; path = "more@2x.png"; sourceTree = "<group>"; };
		39CA06351BAEA1A40074FD13 /* CommentItem.h */ = {isa = PBXFileReference; fileEncoding = 4; lastKnownFileType = sourcecode.c.h; path = CommentItem.h; sourceTree = "<group>"; };
		39CA06361BAEA1A40074FD13 /* CommentItem.m */ = {isa = PBXFileReference; fileEncoding = 4; lastKnownFileType = sourcecode.c.objc; path = CommentItem.m; sourceTree = "<group>"; };
		39CA06381BAEA1A40074FD13 /* CommentModel.h */ = {isa = PBXFileReference; fileEncoding = 4; lastKnownFileType = sourcecode.c.h; path = CommentModel.h; sourceTree = "<group>"; };
		39CA06391BAEA1A40074FD13 /* CommentModel.m */ = {isa = PBXFileReference; fileEncoding = 4; lastKnownFileType = sourcecode.c.objc; path = CommentModel.m; sourceTree = "<group>"; };
		834D0885FF5069CC428F3F54 /* Pods.debug.xcconfig */ = {isa = PBXFileReference; includeInIndex = 1; lastKnownFileType = text.xcconfig; name = Pods.debug.xcconfig; path = "Pods/Target Support Files/Pods/Pods.debug.xcconfig"; sourceTree = "<group>"; };
		8BB1D1E7765FD72A878E7526 /* Pods.release.xcconfig */ = {isa = PBXFileReference; includeInIndex = 1; lastKnownFileType = text.xcconfig; name = Pods.release.xcconfig; path = "Pods/Target Support Files/Pods/Pods.release.xcconfig"; sourceTree = "<group>"; };
		8FE68AFFBF4F159DD2430486 /* libPods.a */ = {isa = PBXFileReference; explicitFileType = archive.ar; includeInIndex = 0; path = libPods.a; sourceTree = BUILT_PRODUCTS_DIR; };
/* End PBXFileReference section */

/* Begin PBXFrameworksBuildPhase section */
		397F02C91B9EEEF500C413FE /* Frameworks */ = {
			isa = PBXFrameworksBuildPhase;
			buildActionMask = 2147483647;
			files = (
				66BB03BFEDEB5B4F4504614C /* libPods.a in Frameworks */,
			);
			runOnlyForDeploymentPostprocessing = 0;
		};
		397F02E51B9EEEF500C413FE /* Frameworks */ = {
			isa = PBXFrameworksBuildPhase;
			buildActionMask = 2147483647;
			files = (
			);
			runOnlyForDeploymentPostprocessing = 0;
		};
/* End PBXFrameworksBuildPhase section */

/* Begin PBXGroup section */
		390BADC61BAFD9FB006269FD /* Login */ = {
			isa = PBXGroup;
			children = (
				390BADD51BB03A3E006269FD /* ResetPwdViewController.h */,
				390BADD61BB03A3E006269FD /* ResetPwdViewController.m */,
				390BADD21BB00A5E006269FD /* SignUpViewController.h */,
				390BADD31BB00A5E006269FD /* SignUpViewController.m */,
				390BADC71BAFD9FB006269FD /* LoginViewController.h */,
				390BADC81BAFD9FB006269FD /* LoginViewController.m */,
			);
			path = Login;
			sourceTree = "<group>";
		};
		397E42741BA126AF006BE9E7 /* Network */ = {
			isa = PBXGroup;
			children = (
				397E42831BA6EC37006BE9E7 /* MiaAPIHelper */,
				397E42751BA126AF006BE9E7 /* WebSocketMgr */,
			);
			path = Network;
			sourceTree = "<group>";
		};
		397E42751BA126AF006BE9E7 /* WebSocketMgr */ = {
			isa = PBXGroup;
			children = (
				397E42761BA126AF006BE9E7 /* WebSocketMgr.h */,
				397E42771BA126AF006BE9E7 /* WebSocketMgr.m */,
			);
			path = WebSocketMgr;
			sourceTree = "<group>";
		};
		397E42791BA26ED2006BE9E7 /* Model */ = {
			isa = PBXGroup;
			children = (
				39CA06341BAEA1A40074FD13 /* CommentItem */,
				39CA06371BAEA1A40074FD13 /* CommentModel */,
				397E429B1BA8EBE6006BE9E7 /* ShareListMgr */,
				397E42971BA83131006BE9E7 /* ShareItem */,
				397E42931BA81836006BE9E7 /* MusicItem */,
			);
			path = Model;
			sourceTree = "<group>";
		};
		397E42831BA6EC37006BE9E7 /* MiaAPIHelper */ = {
			isa = PBXGroup;
			children = (
				39BF8C5D1BB14244003AB4FC /* MiaAPIMacro.h */,
				397E42841BA6EC37006BE9E7 /* MiaAPIHelper.h */,
				397E42851BA6EC37006BE9E7 /* MiaAPIHelper.m */,
			);
			path = MiaAPIHelper;
			sourceTree = "<group>";
		};
		397E42871BA7CA5A006BE9E7 /* AAPullToRefresh */ = {
			isa = PBXGroup;
			children = (
				397E42881BA7CA5A006BE9E7 /* AAPullToRefresh.h */,
				397E42891BA7CA5A006BE9E7 /* AAPullToRefresh.m */,
				397E428A1BA7CA5A006BE9E7 /* centerIcon@2x.png */,
				397E428B1BA7CA5A006BE9E7 /* launchpad@2x.png */,
			);
			path = AAPullToRefresh;
			sourceTree = "<group>";
		};
		397E42931BA81836006BE9E7 /* MusicItem */ = {
			isa = PBXGroup;
			children = (
				397E42941BA81836006BE9E7 /* MusicItem.h */,
				397E42951BA81836006BE9E7 /* MusicItem.m */,
			);
			path = MusicItem;
			sourceTree = "<group>";
		};
		397E42971BA83131006BE9E7 /* ShareItem */ = {
			isa = PBXGroup;
			children = (
				397E42981BA83131006BE9E7 /* ShareItem.h */,
				397E42991BA83131006BE9E7 /* ShareItem.m */,
			);
			path = ShareItem;
			sourceTree = "<group>";
		};
		397E429B1BA8EBE6006BE9E7 /* ShareListMgr */ = {
			isa = PBXGroup;
			children = (
				397E429C1BA8EBE6006BE9E7 /* ShareListMgr.h */,
				397E429D1BA8EBE6006BE9E7 /* ShareListMgr.m */,
			);
			path = ShareListMgr;
			sourceTree = "<group>";
		};
		397E429F1BA90812006BE9E7 /* Categories */ = {
			isa = PBXGroup;
			children = (
				397E42A01BA90812006BE9E7 /* NSData+Base64 */,
				397E42A31BA90812006BE9E7 /* NSObject+PropertyAndMethods */,
				397E42A61BA90812006BE9E7 /* NSString+DateFormatter */,
				397E42A91BA90812006BE9E7 /* NSString+Emoji */,
				397E42AC1BA90812006BE9E7 /* NSString+IsNull */,
				397E42AF1BA90812006BE9E7 /* NSString+MD5 */,
				397E42B21BA90812006BE9E7 /* SDImageView+SDWebCache */,
				397E42B31BA90812006BE9E7 /* UIButton+UIButtonExt */,
				397E42B61BA90812006BE9E7 /* UIColor+HexColorString */,
				397E42B91BA90812006BE9E7 /* UIImage+ColorToImage */,
				397E42BC1BA90812006BE9E7 /* UIImage+Extrude */,
				397E42BF1BA90812006BE9E7 /* UIImage+ImageEffects */,
				397E42C21BA90812006BE9E7 /* UIImageView+BlurredImage */,
				397E42C51BA90812006BE9E7 /* UIScrollView+AllowPanGestureEventPass */,
			);
			path = Categories;
			sourceTree = "<group>";
		};
		397E42A01BA90812006BE9E7 /* NSData+Base64 */ = {
			isa = PBXGroup;
			children = (
				397E42A11BA90812006BE9E7 /* NSData+Base64.h */,
				397E42A21BA90812006BE9E7 /* NSData+Base64.m */,
			);
			path = "NSData+Base64";
			sourceTree = "<group>";
		};
		397E42A31BA90812006BE9E7 /* NSObject+PropertyAndMethods */ = {
			isa = PBXGroup;
			children = (
				397E42A41BA90812006BE9E7 /* NSObject+PropertyAndMethods.h */,
				397E42A51BA90812006BE9E7 /* NSObject+PropertyAndMethods.m */,
			);
			path = "NSObject+PropertyAndMethods";
			sourceTree = "<group>";
		};
		397E42A61BA90812006BE9E7 /* NSString+DateFormatter */ = {
			isa = PBXGroup;
			children = (
				397E42A71BA90812006BE9E7 /* NSString+DateFormatter.h */,
				397E42A81BA90812006BE9E7 /* NSString+DateFormatter.m */,
			);
			path = "NSString+DateFormatter";
			sourceTree = "<group>";
		};
		397E42A91BA90812006BE9E7 /* NSString+Emoji */ = {
			isa = PBXGroup;
			children = (
				397E42AA1BA90812006BE9E7 /* NSString+Emoji.h */,
				397E42AB1BA90812006BE9E7 /* NSString+Emoji.m */,
			);
			path = "NSString+Emoji";
			sourceTree = "<group>";
		};
		397E42AC1BA90812006BE9E7 /* NSString+IsNull */ = {
			isa = PBXGroup;
			children = (
				397E42AD1BA90812006BE9E7 /* NSString+IsNull.h */,
				397E42AE1BA90812006BE9E7 /* NSString+IsNull.m */,
			);
			path = "NSString+IsNull";
			sourceTree = "<group>";
		};
		397E42AF1BA90812006BE9E7 /* NSString+MD5 */ = {
			isa = PBXGroup;
			children = (
				397E42B01BA90812006BE9E7 /* NSString+MD5.h */,
				397E42B11BA90812006BE9E7 /* NSString+MD5.m */,
			);
			path = "NSString+MD5";
			sourceTree = "<group>";
		};
		397E42B21BA90812006BE9E7 /* SDImageView+SDWebCache */ = {
			isa = PBXGroup;
			children = (
			);
			path = "SDImageView+SDWebCache";
			sourceTree = "<group>";
		};
		397E42B31BA90812006BE9E7 /* UIButton+UIButtonExt */ = {
			isa = PBXGroup;
			children = (
				397E42B41BA90812006BE9E7 /* UIButton+UIButtonExt.h */,
				397E42B51BA90812006BE9E7 /* UIButton+UIButtonExt.m */,
			);
			path = "UIButton+UIButtonExt";
			sourceTree = "<group>";
		};
		397E42B61BA90812006BE9E7 /* UIColor+HexColorString */ = {
			isa = PBXGroup;
			children = (
				397E42B71BA90812006BE9E7 /* UIColor+HexColorString.h */,
				397E42B81BA90812006BE9E7 /* UIColor+HexColorString.m */,
			);
			path = "UIColor+HexColorString";
			sourceTree = "<group>";
		};
		397E42B91BA90812006BE9E7 /* UIImage+ColorToImage */ = {
			isa = PBXGroup;
			children = (
				397E42BA1BA90812006BE9E7 /* UIImage+ColorToImage.h */,
				397E42BB1BA90812006BE9E7 /* UIImage+ColorToImage.m */,
			);
			path = "UIImage+ColorToImage";
			sourceTree = "<group>";
		};
		397E42BC1BA90812006BE9E7 /* UIImage+Extrude */ = {
			isa = PBXGroup;
			children = (
				397E42BD1BA90812006BE9E7 /* UIImage+Extrude.h */,
				397E42BE1BA90812006BE9E7 /* UIImage+Extrude.m */,
			);
			path = "UIImage+Extrude";
			sourceTree = "<group>";
		};
		397E42BF1BA90812006BE9E7 /* UIImage+ImageEffects */ = {
			isa = PBXGroup;
			children = (
				397E42C01BA90812006BE9E7 /* UIImage+ImageEffects.h */,
				397E42C11BA90812006BE9E7 /* UIImage+ImageEffects.m */,
			);
			path = "UIImage+ImageEffects";
			sourceTree = "<group>";
		};
		397E42C21BA90812006BE9E7 /* UIImageView+BlurredImage */ = {
			isa = PBXGroup;
			children = (
				397E42C31BA90812006BE9E7 /* UIImageView+BlurredImage.h */,
				397E42C41BA90812006BE9E7 /* UIImageView+BlurredImage.m */,
			);
			path = "UIImageView+BlurredImage";
			sourceTree = "<group>";
		};
		397E42C51BA90812006BE9E7 /* UIScrollView+AllowPanGestureEventPass */ = {
			isa = PBXGroup;
			children = (
				397E42C61BA90812006BE9E7 /* UIScrollView+AllowPanGestureEventPass.h */,
				397E42C71BA90812006BE9E7 /* UIScrollView+AllowPanGestureEventPass.m */,
			);
			path = "UIScrollView+AllowPanGestureEventPass";
			sourceTree = "<group>";
		};
		397E42C81BA90812006BE9E7 /* MusicPlayerMgr */ = {
			isa = PBXGroup;
			children = (
				397E42C91BA90812006BE9E7 /* MusicPlayerMgr.h */,
				397E42CA1BA90812006BE9E7 /* MusicPlayerMgr.m */,
			);
			path = MusicPlayerMgr;
			sourceTree = "<group>";
		};
		397E42CB1BA90812006BE9E7 /* UserDefaultsUtils */ = {
			isa = PBXGroup;
			children = (
				397E42CC1BA90812006BE9E7 /* UserDefaultsUtils.h */,
				397E42CD1BA90812006BE9E7 /* UserDefaultsUtils.m */,
			);
			path = UserDefaultsUtils;
			sourceTree = "<group>";
		};
		397E42DD1BA90CBC006BE9E7 /* Resources */ = {
			isa = PBXGroup;
			children = (
				39BF8C731BB26E92003AB4FC /* setting@2x.png */,
				39BF8C641BB24A12003AB4FC /* info@2x.png */,
				39BF8C621BB23517003AB4FC /* default_cover@2x.png */,
				39BF8C5E1BB148DC003AB4FC /* favorite_red@2x.png */,
				39BF8C5F1BB148DC003AB4FC /* favorite_white@2x.png */,
				390BADCC1BAFE188006269FD /* button_blue@2x.png */,
				390BADCD1BAFE188006269FD /* button_white@2x.png */,
				390BADCE1BAFE188006269FD /* login_logo@2x.png */,
				390BADCA1BAFDDC3006269FD /* login_bg@2x.png */,
				390BADC21BAECA73006269FD /* edit_bg@2x.png */,
				390BADC31BAECA73006269FD /* edit_logo@2x.png */,
				390BADC01BAEBDEA006269FD /* default_avatar@2x.jpeg */,
				39CA06321BADC7390074FD13 /* more@2x.png */,
				39CA06061BAD67CC0074FD13 /* back@2x.png */,
				39CA06071BAD67CC0074FD13 /* comments@2x.png */,
				39CA060A1BAD67CC0074FD13 /* location@2x.png */,
				39CA060C1BAD67CC0074FD13 /* pause@2x.png */,
				39CA060D1BAD67CC0074FD13 /* play@2x.png */,
				39CA060E1BAD67CC0074FD13 /* profile_with_notification@2x.png */,
				39CA060F1BAD67CC0074FD13 /* profile@2x.png */,
				39CA06101BAD67CC0074FD13 /* share_music@2x.png */,
				39CA06111BAD67CC0074FD13 /* views@2x.png */,
			);
			path = Resources;
			sourceTree = "<group>";
		};
		397E42F61BAA93C1006BE9E7 /* KYCircularView */ = {
			isa = PBXGroup;
			children = (
				397E42F71BAA93C1006BE9E7 /* KYCircularView.h */,
				397E42F81BAA93C1006BE9E7 /* KYCircularView.m */,
			);
			path = KYCircularView;
			sourceTree = "<group>";
		};
		397F02C31B9EEEF500C413FE = {
			isa = PBXGroup;
			children = (
				397F02CE1B9EEEF500C413FE /* mia */,
				397F02EB1B9EEEF500C413FE /* miaTests */,
				397F02CD1B9EEEF500C413FE /* Products */,
				D6C14994FCE56A99A6316EBF /* Pods */,
				7A46D70C0C154D948D2217B7 /* Frameworks */,
			);
			sourceTree = "<group>";
		};
		397F02CD1B9EEEF500C413FE /* Products */ = {
			isa = PBXGroup;
			children = (
				397F02CC1B9EEEF500C413FE /* mia.app */,
				397F02E81B9EEEF500C413FE /* miaTests.xctest */,
			);
			name = Products;
			sourceTree = "<group>";
		};
		397F02CE1B9EEEF500C413FE /* mia */ = {
			isa = PBXGroup;
			children = (
				397FA4F61BAAA989003FD186 /* UI */,
				397E42791BA26ED2006BE9E7 /* Model */,
				397E42741BA126AF006BE9E7 /* Network */,
				39BCADA51BA02F3100C6F7F2 /* Vendors */,
				39BCAD771BA02AFE00C6F7F2 /* UIComponment */,
				39BCAD3D1B9F141B00C6F7F2 /* Utils */,
				397F02DF1B9EEEF500C413FE /* Images.xcassets */,
				397F02D61B9EEEF500C413FE /* mia.xcdatamodeld */,
				397E42DD1BA90CBC006BE9E7 /* Resources */,
				397F02CF1B9EEEF500C413FE /* Supporting Files */,
			);
			path = mia;
			sourceTree = "<group>";
		};
		397F02CF1B9EEEF500C413FE /* Supporting Files */ = {
			isa = PBXGroup;
			children = (
				39BCAD3C1B9F13A800C6F7F2 /* mia-Prefix.pch */,
				397F02D31B9EEEF500C413FE /* AppDelegate.h */,
				397F02D41B9EEEF500C413FE /* AppDelegate.m */,
				397F02D01B9EEEF500C413FE /* Info.plist */,
				397F02D11B9EEEF500C413FE /* main.m */,
			);
			name = "Supporting Files";
			sourceTree = "<group>";
		};
		397F02EB1B9EEEF500C413FE /* miaTests */ = {
			isa = PBXGroup;
			children = (
				397F02EE1B9EEEF500C413FE /* miaTests.m */,
				397F02EC1B9EEEF500C413FE /* Supporting Files */,
			);
			path = miaTests;
			sourceTree = "<group>";
		};
		397F02EC1B9EEEF500C413FE /* Supporting Files */ = {
			isa = PBXGroup;
			children = (
				397F02ED1B9EEEF500C413FE /* Info.plist */,
			);
			name = "Supporting Files";
			sourceTree = "<group>";
		};
		397FA4F61BAAA989003FD186 /* UI */ = {
			isa = PBXGroup;
			children = (
				39BF8C661BB268B4003AB4FC /* Profile */,
				390BADC61BAFD9FB006269FD /* Login */,
				39CA061E1BADBD6C0074FD13 /* Detail */,
				39CA06231BADBD6C0074FD13 /* Radio */,
			);
			path = UI;
			sourceTree = "<group>";
		};
		397FA5011BAADBD8003FD186 /* PXInfiniteScrollView */ = {
			isa = PBXGroup;
			children = (
				397FA5021BAADBD8003FD186 /* PXInfiniteScrollView.h */,
				397FA5031BAADBD8003FD186 /* PXInfiniteScrollView.m */,
			);
			path = PXInfiniteScrollView;
			sourceTree = "<group>";
		};
		397FA50B1BAC0CA7003FD186 /* MIALabel */ = {
			isa = PBXGroup;
			children = (
				397FA50C1BAC0CA7003FD186 /* MIALabel.h */,
				397FA50D1BAC0CA7003FD186 /* MIALabel.m */,
			);
			path = MIALabel;
			sourceTree = "<group>";
		};
		397FA50E1BAC0CA7003FD186 /* MIARefresh */ = {
			isa = PBXGroup;
			children = (
				397FA5381BAC0CF3003FD186 /* UIScrollView+MIARefresh.h */,
				397FA5391BAC0CF3003FD186 /* UIScrollView+MIARefresh.m */,
				397FA50F1BAC0CA7003FD186 /* Images */,
				397FA5111BAC0CA7003FD186 /* MIARefreshBaseView.h */,
				397FA5121BAC0CA7003FD186 /* MIARefreshBaseView.m */,
				397FA5131BAC0CA7003FD186 /* MIARefreshFooterView.h */,
				397FA5141BAC0CA7003FD186 /* MIARefreshFooterView.m */,
				397FA5151BAC0CA7003FD186 /* MIARefreshHeaderView.h */,
				397FA5161BAC0CA7003FD186 /* MIARefreshHeaderView.m */,
				397FA5171BAC0CA7003FD186 /* UIScrollView+Extension.h */,
				397FA5181BAC0CA7003FD186 /* UIScrollView+Extension.m */,
				397FA51B1BAC0CA7003FD186 /* UIView+Extension.h */,
				397FA51C1BAC0CA7003FD186 /* UIView+Extension.m */,
			);
			path = MIARefresh;
			sourceTree = "<group>";
		};
		397FA50F1BAC0CA7003FD186 /* Images */ = {
			isa = PBXGroup;
			children = (
				397FA5101BAC0CA7003FD186 /* arrow@2x.png */,
			);
			path = Images;
			sourceTree = "<group>";
		};
		397FA51D1BAC0CA7003FD186 /* MIATextAlertView */ = {
			isa = PBXGroup;
			children = (
				397FA51E1BAC0CA7003FD186 /* MIATexAlertView.h */,
				397FA51F1BAC0CA7003FD186 /* MIATexAlertView.m */,
			);
			path = MIATextAlertView;
			sourceTree = "<group>";
		};
		397FA5201BAC0CA7003FD186 /* MIATextView */ = {
			isa = PBXGroup;
			children = (
				397FA5211BAC0CA7003FD186 /* MIAGrowingTextView.h */,
				397FA5221BAC0CA7003FD186 /* MIAGrowingTextView.m */,
				397FA5231BAC0CA7003FD186 /* MIATextViewInternal.h */,
				397FA5241BAC0CA7003FD186 /* MIATextViewInternal.m */,
			);
			path = MIATextView;
			sourceTree = "<group>";
		};
		397FA5251BAC0CA7003FD186 /* MIATipView */ = {
			isa = PBXGroup;
			children = (
				397FA5261BAC0CA7003FD186 /* MIATipView.h */,
				397FA5271BAC0CA7003FD186 /* MIATipView.m */,
			);
			path = MIATipView;
			sourceTree = "<group>";
		};
		397FA5281BAC0CA7003FD186 /* MIAUIButton */ = {
			isa = PBXGroup;
			children = (
				397FA5291BAC0CA7003FD186 /* MIAButton.h */,
				397FA52A1BAC0CA7003FD186 /* MIAButton.m */,
			);
			path = MIAUIButton;
			sourceTree = "<group>";
		};
		39BCAD3D1B9F141B00C6F7F2 /* Utils */ = {
			isa = PBXGroup;
			children = (
				39BF8C591BB13350003AB4FC /* UserSession */,
				397E429F1BA90812006BE9E7 /* Categories */,
				397E42C81BA90812006BE9E7 /* MusicPlayerMgr */,
				397E42CB1BA90812006BE9E7 /* UserDefaultsUtils */,
				39BCAD3E1B9F141B00C6F7F2 /* AppMacro.h */,
			);
			path = Utils;
			sourceTree = "<group>";
		};
		39BCAD771BA02AFE00C6F7F2 /* UIComponment */ = {
			isa = PBXGroup;
			children = (
				39BF8C551BB0F801003AB4FC /* MBProgressHUDHelp */,
				397FA50B1BAC0CA7003FD186 /* MIALabel */,
				397FA50E1BAC0CA7003FD186 /* MIARefresh */,
				397FA51D1BAC0CA7003FD186 /* MIATextAlertView */,
				397FA5201BAC0CA7003FD186 /* MIATextView */,
				397FA5251BAC0CA7003FD186 /* MIATipView */,
				397FA5281BAC0CA7003FD186 /* MIAUIButton */,
				397FA5011BAADBD8003FD186 /* PXInfiniteScrollView */,
				397E42F61BAA93C1006BE9E7 /* KYCircularView */,
				397E42871BA7CA5A006BE9E7 /* AAPullToRefresh */,
			);
			path = UIComponment;
			sourceTree = "<group>";
		};
		39BCADA51BA02F3100C6F7F2 /* Vendors */ = {
			isa = PBXGroup;
			children = (
				39BCADA61BA02F3100C6F7F2 /* SDWebImage */,
			);
			path = Vendors;
			sourceTree = "<group>";
		};
		39BCADA61BA02F3100C6F7F2 /* SDWebImage */ = {
			isa = PBXGroup;
			children = (
				39BCADA71BA02F3100C6F7F2 /* MKAnnotationView+WebCache.h */,
				39BCADA81BA02F3100C6F7F2 /* MKAnnotationView+WebCache.m */,
				39BCADA91BA02F3100C6F7F2 /* NSData+ImageContentType.h */,
				39BCADAA1BA02F3100C6F7F2 /* NSData+ImageContentType.m */,
				39BCADAB1BA02F3100C6F7F2 /* SDImageCache.h */,
				39BCADAC1BA02F3100C6F7F2 /* SDImageCache.m */,
				39BCADAD1BA02F3100C6F7F2 /* SDWebImageCompat.h */,
				39BCADAE1BA02F3100C6F7F2 /* SDWebImageCompat.m */,
				39BCADAF1BA02F3100C6F7F2 /* SDWebImageDecoder.h */,
				39BCADB01BA02F3100C6F7F2 /* SDWebImageDecoder.m */,
				39BCADB11BA02F3100C6F7F2 /* SDWebImageDownloader.h */,
				39BCADB21BA02F3100C6F7F2 /* SDWebImageDownloader.m */,
				39BCADB31BA02F3100C6F7F2 /* SDWebImageDownloaderOperation.h */,
				39BCADB41BA02F3100C6F7F2 /* SDWebImageDownloaderOperation.m */,
				39BCADB51BA02F3100C6F7F2 /* SDWebImageManager.h */,
				39BCADB61BA02F3100C6F7F2 /* SDWebImageManager.m */,
				39BCADB71BA02F3100C6F7F2 /* SDWebImageOperation.h */,
				39BCADB81BA02F3100C6F7F2 /* SDWebImagePrefetcher.h */,
				39BCADB91BA02F3100C6F7F2 /* SDWebImagePrefetcher.m */,
				39BCADBA1BA02F3100C6F7F2 /* UIButton+WebCache.h */,
				39BCADBB1BA02F3100C6F7F2 /* UIButton+WebCache.m */,
				39BCADBC1BA02F3100C6F7F2 /* UIImage+GIF.h */,
				39BCADBD1BA02F3100C6F7F2 /* UIImage+GIF.m */,
				39BCADBE1BA02F3100C6F7F2 /* UIImage+MultiFormat.h */,
				39BCADBF1BA02F3100C6F7F2 /* UIImage+MultiFormat.m */,
				39BCADC01BA02F3100C6F7F2 /* UIImage+WebP.h */,
				39BCADC11BA02F3100C6F7F2 /* UIImage+WebP.m */,
				39BCADC21BA02F3100C6F7F2 /* UIImageView+HighlightedWebCache.h */,
				39BCADC31BA02F3100C6F7F2 /* UIImageView+HighlightedWebCache.m */,
				39BCADC41BA02F3100C6F7F2 /* UIImageView+WebCache.h */,
				39BCADC51BA02F3100C6F7F2 /* UIImageView+WebCache.m */,
				39BCADC61BA02F3100C6F7F2 /* UIView+WebCacheOperation.h */,
				39BCADC71BA02F3100C6F7F2 /* UIView+WebCacheOperation.m */,
			);
			path = SDWebImage;
			sourceTree = "<group>";
		};
		39BF8C551BB0F801003AB4FC /* MBProgressHUDHelp */ = {
			isa = PBXGroup;
			children = (
				39BF8C561BB0F801003AB4FC /* MBProgressHUDHelp.h */,
				39BF8C571BB0F801003AB4FC /* MBProgressHUDHelp.m */,
			);
			path = MBProgressHUDHelp;
			sourceTree = "<group>";
		};
		39BF8C591BB13350003AB4FC /* UserSession */ = {
			isa = PBXGroup;
			children = (
				39BF8C5A1BB13350003AB4FC /* UserSession.h */,
				39BF8C5B1BB13350003AB4FC /* UserSession.m */,
			);
			path = UserSession;
			sourceTree = "<group>";
		};
		39BF8C661BB268B4003AB4FC /* Profile */ = {
			isa = PBXGroup;
			children = (
				39BF8C6B1BB268B4003AB4FC /* ProfileCollectionViewCell.h */,
				39BF8C6C1BB268B4003AB4FC /* ProfileCollectionViewCell.m */,
				39BF8C6D1BB268B4003AB4FC /* ProfileViewController.h */,
				39BF8C6E1BB268B4003AB4FC /* ProfileViewController.m */,
			);
			path = Profile;
			sourceTree = "<group>";
		};
		39CA061E1BADBD6C0074FD13 /* Detail */ = {
			isa = PBXGroup;
			children = (
				390BADBA1BAEB375006269FD /* CommentTableView.h */,
				390BADBB1BAEB375006269FD /* CommentTableView.m */,
				390BADBC1BAEB375006269FD /* CommentTableViewCell.h */,
				390BADBD1BAEB375006269FD /* CommentTableViewCell.m */,
				39CA061F1BADBD6C0074FD13 /* DetailPlayerView.h */,
				39CA06201BADBD6C0074FD13 /* DetailPlayerView.m */,
				39CA06211BADBD6C0074FD13 /* DetailViewController.h */,
				39CA06221BADBD6C0074FD13 /* DetailViewController.m */,
			);
			path = Detail;
			sourceTree = "<group>";
		};
		39CA06231BADBD6C0074FD13 /* Radio */ = {
			isa = PBXGroup;
			children = (
				39CA06241BADBD6C0074FD13 /* LoopPlayerView.h */,
				39CA06251BADBD6C0074FD13 /* LoopPlayerView.m */,
				39CA06261BADBD6C0074FD13 /* PlayerView.h */,
				39CA06271BADBD6C0074FD13 /* PlayerView.m */,
				39CA06281BADBD6C0074FD13 /* RadioView.h */,
				39CA06291BADBD6C0074FD13 /* RadioView.m */,
				39CA062A1BADBD6C0074FD13 /* RadioViewController.h */,
				39CA062B1BADBD6C0074FD13 /* RadioViewController.m */,
			);
			path = Radio;
			sourceTree = "<group>";
		};
		39CA06341BAEA1A40074FD13 /* CommentItem */ = {
			isa = PBXGroup;
			children = (
				39CA06351BAEA1A40074FD13 /* CommentItem.h */,
				39CA06361BAEA1A40074FD13 /* CommentItem.m */,
			);
			path = CommentItem;
			sourceTree = "<group>";
		};
		39CA06371BAEA1A40074FD13 /* CommentModel */ = {
			isa = PBXGroup;
			children = (
				39CA06381BAEA1A40074FD13 /* CommentModel.h */,
				39CA06391BAEA1A40074FD13 /* CommentModel.m */,
			);
			path = CommentModel;
			sourceTree = "<group>";
		};
		7A46D70C0C154D948D2217B7 /* Frameworks */ = {
			isa = PBXGroup;
			children = (
				8FE68AFFBF4F159DD2430486 /* libPods.a */,
			);
			name = Frameworks;
			sourceTree = "<group>";
		};
		D6C14994FCE56A99A6316EBF /* Pods */ = {
			isa = PBXGroup;
			children = (
				834D0885FF5069CC428F3F54 /* Pods.debug.xcconfig */,
				8BB1D1E7765FD72A878E7526 /* Pods.release.xcconfig */,
			);
			name = Pods;
			sourceTree = "<group>";
		};
/* End PBXGroup section */

/* Begin PBXNativeTarget section */
		397F02CB1B9EEEF500C413FE /* mia */ = {
			isa = PBXNativeTarget;
			buildConfigurationList = 397F02F21B9EEEF500C413FE /* Build configuration list for PBXNativeTarget "mia" */;
			buildPhases = (
				D292836E39DCAC5CDBF92E86 /* Check Pods Manifest.lock */,
				397F02C81B9EEEF500C413FE /* Sources */,
				397F02C91B9EEEF500C413FE /* Frameworks */,
				397F02CA1B9EEEF500C413FE /* Resources */,
				566CB917B0D2835353E85626 /* Copy Pods Resources */,
			);
			buildRules = (
			);
			dependencies = (
			);
			name = mia;
			productName = mia;
			productReference = 397F02CC1B9EEEF500C413FE /* mia.app */;
			productType = "com.apple.product-type.application";
		};
		397F02E71B9EEEF500C413FE /* miaTests */ = {
			isa = PBXNativeTarget;
			buildConfigurationList = 397F02F51B9EEEF500C413FE /* Build configuration list for PBXNativeTarget "miaTests" */;
			buildPhases = (
				397F02E41B9EEEF500C413FE /* Sources */,
				397F02E51B9EEEF500C413FE /* Frameworks */,
				397F02E61B9EEEF500C413FE /* Resources */,
			);
			buildRules = (
			);
			dependencies = (
				397F02EA1B9EEEF500C413FE /* PBXTargetDependency */,
			);
			name = miaTests;
			productName = miaTests;
			productReference = 397F02E81B9EEEF500C413FE /* miaTests.xctest */;
			productType = "com.apple.product-type.bundle.unit-test";
		};
/* End PBXNativeTarget section */

/* Begin PBXProject section */
		397F02C41B9EEEF500C413FE /* Project object */ = {
			isa = PBXProject;
			attributes = {
				LastUpgradeCheck = 0640;
				ORGANIZATIONNAME = "Mia Music";
				TargetAttributes = {
					397F02CB1B9EEEF500C413FE = {
						CreatedOnToolsVersion = 6.4;
						SystemCapabilities = {
							com.apple.BackgroundModes = {
								enabled = 1;
							};
						};
					};
					397F02E71B9EEEF500C413FE = {
						CreatedOnToolsVersion = 6.4;
						TestTargetID = 397F02CB1B9EEEF500C413FE;
					};
				};
			};
			buildConfigurationList = 397F02C71B9EEEF500C413FE /* Build configuration list for PBXProject "mia" */;
			compatibilityVersion = "Xcode 3.2";
			developmentRegion = English;
			hasScannedForEncodings = 0;
			knownRegions = (
				en,
				Base,
			);
			mainGroup = 397F02C31B9EEEF500C413FE;
			productRefGroup = 397F02CD1B9EEEF500C413FE /* Products */;
			projectDirPath = "";
			projectRoot = "";
			targets = (
				397F02CB1B9EEEF500C413FE /* mia */,
				397F02E71B9EEEF500C413FE /* miaTests */,
			);
		};
/* End PBXProject section */

/* Begin PBXResourcesBuildPhase section */
		397F02CA1B9EEEF500C413FE /* Resources */ = {
			isa = PBXResourcesBuildPhase;
			buildActionMask = 2147483647;
			files = (
				390BADC51BAECA73006269FD /* edit_logo@2x.png in Resources */,
				397E428E1BA7CA5A006BE9E7 /* launchpad@2x.png in Resources */,
				39BF8C611BB148DC003AB4FC /* favorite_white@2x.png in Resources */,
				39CA06121BAD67CC0074FD13 /* back@2x.png in Resources */,
				39BF8C631BB23517003AB4FC /* default_cover@2x.png in Resources */,
				397F02E01B9EEEF500C413FE /* Images.xcassets in Resources */,
				39BF8C601BB148DC003AB4FC /* favorite_red@2x.png in Resources */,
				390BADD01BAFE188006269FD /* button_white@2x.png in Resources */,
				390BADCB1BAFDDC3006269FD /* login_bg@2x.png in Resources */,
				39CA06181BAD67CC0074FD13 /* pause@2x.png in Resources */,
				39CA06191BAD67CC0074FD13 /* play@2x.png in Resources */,
				39CA06161BAD67CC0074FD13 /* location@2x.png in Resources */,
				39BF8C651BB24A12003AB4FC /* info@2x.png in Resources */,
				39CA06131BAD67CC0074FD13 /* comments@2x.png in Resources */,
				39CA06331BADC7390074FD13 /* more@2x.png in Resources */,
				39CA061A1BAD67CC0074FD13 /* profile_with_notification@2x.png in Resources */,
				390BADCF1BAFE188006269FD /* button_blue@2x.png in Resources */,
				39CA061D1BAD67CC0074FD13 /* views@2x.png in Resources */,
				390BADD11BAFE188006269FD /* login_logo@2x.png in Resources */,
				39BF8C741BB26E92003AB4FC /* setting@2x.png in Resources */,
				397FA52C1BAC0CA7003FD186 /* arrow@2x.png in Resources */,
				39CA061C1BAD67CC0074FD13 /* share_music@2x.png in Resources */,
				397E428D1BA7CA5A006BE9E7 /* centerIcon@2x.png in Resources */,
				390BADC41BAECA73006269FD /* edit_bg@2x.png in Resources */,
				39CA061B1BAD67CC0074FD13 /* profile@2x.png in Resources */,
				390BADC11BAEBDEA006269FD /* default_avatar@2x.jpeg in Resources */,
			);
			runOnlyForDeploymentPostprocessing = 0;
		};
		397F02E61B9EEEF500C413FE /* Resources */ = {
			isa = PBXResourcesBuildPhase;
			buildActionMask = 2147483647;
			files = (
			);
			runOnlyForDeploymentPostprocessing = 0;
		};
/* End PBXResourcesBuildPhase section */

/* Begin PBXShellScriptBuildPhase section */
		566CB917B0D2835353E85626 /* Copy Pods Resources */ = {
			isa = PBXShellScriptBuildPhase;
			buildActionMask = 2147483647;
			files = (
			);
			inputPaths = (
			);
			name = "Copy Pods Resources";
			outputPaths = (
			);
			runOnlyForDeploymentPostprocessing = 0;
			shellPath = /bin/sh;
			shellScript = "\"${SRCROOT}/Pods/Target Support Files/Pods/Pods-resources.sh\"\n";
			showEnvVarsInLog = 0;
		};
		D292836E39DCAC5CDBF92E86 /* Check Pods Manifest.lock */ = {
			isa = PBXShellScriptBuildPhase;
			buildActionMask = 2147483647;
			files = (
			);
			inputPaths = (
			);
			name = "Check Pods Manifest.lock";
			outputPaths = (
			);
			runOnlyForDeploymentPostprocessing = 0;
			shellPath = /bin/sh;
			shellScript = "diff \"${PODS_ROOT}/../Podfile.lock\" \"${PODS_ROOT}/Manifest.lock\" > /dev/null\nif [[ $? != 0 ]] ; then\n    cat << EOM\nerror: The sandbox is not in sync with the Podfile.lock. Run 'pod install' or update your CocoaPods installation.\nEOM\n    exit 1\nfi\n";
			showEnvVarsInLog = 0;
		};
/* End PBXShellScriptBuildPhase section */

/* Begin PBXSourcesBuildPhase section */
		397F02C81B9EEEF500C413FE /* Sources */ = {
			isa = PBXSourcesBuildPhase;
			buildActionMask = 2147483647;
			files = (
				397E42961BA81836006BE9E7 /* MusicItem.m in Sources */,
				390BADBE1BAEB375006269FD /* CommentTableView.m in Sources */,
				397E429A1BA83131006BE9E7 /* ShareItem.m in Sources */,
				397FA5351BAC0CA7003FD186 /* MIATextViewInternal.m in Sources */,
				39BCADD01BA02F3100C6F7F2 /* SDWebImagePrefetcher.m in Sources */,
				397E42DA1BA90812006BE9E7 /* UIScrollView+AllowPanGestureEventPass.m in Sources */,
				39BCADCE1BA02F3100C6F7F2 /* SDWebImageDownloaderOperation.m in Sources */,
				390BADBF1BAEB375006269FD /* CommentTableViewCell.m in Sources */,
				397E42781BA126AF006BE9E7 /* WebSocketMgr.m in Sources */,
				397E42F91BAA93C1006BE9E7 /* KYCircularView.m in Sources */,
				397FA5301BAC0CA7003FD186 /* UIScrollView+Extension.m in Sources */,
				397E42D81BA90812006BE9E7 /* UIImage+ImageEffects.m in Sources */,
				397FA53A1BAC0CF3003FD186 /* UIScrollView+MIARefresh.m in Sources */,
				397FA52D1BAC0CA7003FD186 /* MIARefreshBaseView.m in Sources */,
				397E42DC1BA90812006BE9E7 /* UserDefaultsUtils.m in Sources */,
				397FA52F1BAC0CA7003FD186 /* MIARefreshHeaderView.m in Sources */,
				39CA062E1BADBD6C0074FD13 /* LoopPlayerView.m in Sources */,
				397FA5361BAC0CA7003FD186 /* MIATipView.m in Sources */,
				39BCADD51BA02F3100C6F7F2 /* UIImageView+HighlightedWebCache.m in Sources */,
				39BCADD41BA02F3100C6F7F2 /* UIImage+WebP.m in Sources */,
				390BADD41BB00A5E006269FD /* SignUpViewController.m in Sources */,
				39CA06311BADBD6C0074FD13 /* RadioViewController.m in Sources */,
				397E42D01BA90812006BE9E7 /* NSString+DateFormatter.m in Sources */,
				39CA062F1BADBD6C0074FD13 /* PlayerView.m in Sources */,
				39BF8C721BB268B4003AB4FC /* ProfileViewController.m in Sources */,
				39BCADCC1BA02F3100C6F7F2 /* SDWebImageDecoder.m in Sources */,
				39BCADD31BA02F3100C6F7F2 /* UIImage+MultiFormat.m in Sources */,
				39BCADCA1BA02F3100C6F7F2 /* SDImageCache.m in Sources */,
				397FA5371BAC0CA7003FD186 /* MIAButton.m in Sources */,
				397E42D31BA90812006BE9E7 /* NSString+MD5.m in Sources */,
				397E42DB1BA90812006BE9E7 /* MusicPlayerMgr.m in Sources */,
				397E42D11BA90812006BE9E7 /* NSString+Emoji.m in Sources */,
				397E428C1BA7CA5A006BE9E7 /* AAPullToRefresh.m in Sources */,
				397F02D51B9EEEF500C413FE /* AppDelegate.m in Sources */,
				39CA062D1BADBD6C0074FD13 /* DetailViewController.m in Sources */,
				39BCADCB1BA02F3100C6F7F2 /* SDWebImageCompat.m in Sources */,
				390BADD71BB03A3E006269FD /* ResetPwdViewController.m in Sources */,
				397E429E1BA8EBE6006BE9E7 /* ShareListMgr.m in Sources */,
				397E42CF1BA90812006BE9E7 /* NSObject+PropertyAndMethods.m in Sources */,
				39BCADD21BA02F3100C6F7F2 /* UIImage+GIF.m in Sources */,
				39BCADCF1BA02F3100C6F7F2 /* SDWebImageManager.m in Sources */,
				397E42D21BA90812006BE9E7 /* NSString+IsNull.m in Sources */,
				397F02D81B9EEEF500C413FE /* mia.xcdatamodeld in Sources */,
				397FA52B1BAC0CA7003FD186 /* MIALabel.m in Sources */,
				39BCADD71BA02F3100C6F7F2 /* UIView+WebCacheOperation.m in Sources */,
				397E42D51BA90812006BE9E7 /* UIColor+HexColorString.m in Sources */,
				397E42D61BA90812006BE9E7 /* UIImage+ColorToImage.m in Sources */,
				397E42D41BA90812006BE9E7 /* UIButton+UIButtonExt.m in Sources */,
				39BCADC81BA02F3100C6F7F2 /* MKAnnotationView+WebCache.m in Sources */,
				39BF8C581BB0F801003AB4FC /* MBProgressHUDHelp.m in Sources */,
				39BCADD61BA02F3100C6F7F2 /* UIImageView+WebCache.m in Sources */,
				397E42D91BA90812006BE9E7 /* UIImageView+BlurredImage.m in Sources */,
				39CA063B1BAEA1A40074FD13 /* CommentModel.m in Sources */,
				39BCADCD1BA02F3100C6F7F2 /* SDWebImageDownloader.m in Sources */,
				397F02D21B9EEEF500C413FE /* main.m in Sources */,
				397FA5041BAADBD8003FD186 /* PXInfiniteScrollView.m in Sources */,
				39BCADC91BA02F3100C6F7F2 /* NSData+ImageContentType.m in Sources */,
				39CA06301BADBD6C0074FD13 /* RadioView.m in Sources */,
				390BADC91BAFD9FB006269FD /* LoginViewController.m in Sources */,
				39BF8C5C1BB13350003AB4FC /* UserSession.m in Sources */,
				397E42D71BA90812006BE9E7 /* UIImage+Extrude.m in Sources */,
				397FA52E1BAC0CA7003FD186 /* MIARefreshFooterView.m in Sources */,
				397E42861BA6EC37006BE9E7 /* MiaAPIHelper.m in Sources */,
				397FA5321BAC0CA7003FD186 /* UIView+Extension.m in Sources */,
				397FA5341BAC0CA7003FD186 /* MIAGrowingTextView.m in Sources */,
				397E42CE1BA90812006BE9E7 /* NSData+Base64.m in Sources */,
				39BCADD11BA02F3100C6F7F2 /* UIButton+WebCache.m in Sources */,
				39CA062C1BADBD6C0074FD13 /* DetailPlayerView.m in Sources */,
				39BF8C711BB268B4003AB4FC /* ProfileCollectionViewCell.m in Sources */,
				397FA5331BAC0CA7003FD186 /* MIATexAlertView.m in Sources */,
				39CA063A1BAEA1A40074FD13 /* CommentItem.m in Sources */,
			);
			runOnlyForDeploymentPostprocessing = 0;
		};
		397F02E41B9EEEF500C413FE /* Sources */ = {
			isa = PBXSourcesBuildPhase;
			buildActionMask = 2147483647;
			files = (
				397F02EF1B9EEEF500C413FE /* miaTests.m in Sources */,
			);
			runOnlyForDeploymentPostprocessing = 0;
		};
/* End PBXSourcesBuildPhase section */

/* Begin PBXTargetDependency section */
		397F02EA1B9EEEF500C413FE /* PBXTargetDependency */ = {
			isa = PBXTargetDependency;
			target = 397F02CB1B9EEEF500C413FE /* mia */;
			targetProxy = 397F02E91B9EEEF500C413FE /* PBXContainerItemProxy */;
		};
/* End PBXTargetDependency section */

/* Begin XCBuildConfiguration section */
		397F02F01B9EEEF500C413FE /* Debug */ = {
			isa = XCBuildConfiguration;
			buildSettings = {
				ALWAYS_SEARCH_USER_PATHS = NO;
				CLANG_CXX_LANGUAGE_STANDARD = "gnu++0x";
				CLANG_CXX_LIBRARY = "libc++";
				CLANG_ENABLE_MODULES = YES;
				CLANG_ENABLE_OBJC_ARC = YES;
				CLANG_WARN_BOOL_CONVERSION = YES;
				CLANG_WARN_CONSTANT_CONVERSION = YES;
				CLANG_WARN_DIRECT_OBJC_ISA_USAGE = YES_ERROR;
				CLANG_WARN_EMPTY_BODY = YES;
				CLANG_WARN_ENUM_CONVERSION = YES;
				CLANG_WARN_INT_CONVERSION = YES;
				CLANG_WARN_OBJC_ROOT_CLASS = YES_ERROR;
				CLANG_WARN_UNREACHABLE_CODE = YES;
				CLANG_WARN__DUPLICATE_METHOD_MATCH = YES;
				"CODE_SIGN_IDENTITY[sdk=iphoneos*]" = "iPhone Developer";
				COPY_PHASE_STRIP = NO;
				DEBUG_INFORMATION_FORMAT = "dwarf-with-dsym";
				ENABLE_STRICT_OBJC_MSGSEND = YES;
				GCC_C_LANGUAGE_STANDARD = gnu99;
				GCC_DYNAMIC_NO_PIC = NO;
				GCC_NO_COMMON_BLOCKS = YES;
				GCC_OPTIMIZATION_LEVEL = 0;
				GCC_PREPROCESSOR_DEFINITIONS = (
					"DEBUG=1",
					"$(inherited)",
				);
				GCC_SYMBOLS_PRIVATE_EXTERN = NO;
				GCC_WARN_64_TO_32_BIT_CONVERSION = YES;
				GCC_WARN_ABOUT_RETURN_TYPE = YES_ERROR;
				GCC_WARN_UNDECLARED_SELECTOR = YES;
				GCC_WARN_UNINITIALIZED_AUTOS = YES_AGGRESSIVE;
				GCC_WARN_UNUSED_FUNCTION = YES;
				GCC_WARN_UNUSED_VARIABLE = YES;
				IPHONEOS_DEPLOYMENT_TARGET = 7.1;
				MTL_ENABLE_DEBUG_INFO = YES;
				ONLY_ACTIVE_ARCH = YES;
				SDKROOT = iphoneos;
			};
			name = Debug;
		};
		397F02F11B9EEEF500C413FE /* Release */ = {
			isa = XCBuildConfiguration;
			buildSettings = {
				ALWAYS_SEARCH_USER_PATHS = NO;
				CLANG_CXX_LANGUAGE_STANDARD = "gnu++0x";
				CLANG_CXX_LIBRARY = "libc++";
				CLANG_ENABLE_MODULES = YES;
				CLANG_ENABLE_OBJC_ARC = YES;
				CLANG_WARN_BOOL_CONVERSION = YES;
				CLANG_WARN_CONSTANT_CONVERSION = YES;
				CLANG_WARN_DIRECT_OBJC_ISA_USAGE = YES_ERROR;
				CLANG_WARN_EMPTY_BODY = YES;
				CLANG_WARN_ENUM_CONVERSION = YES;
				CLANG_WARN_INT_CONVERSION = YES;
				CLANG_WARN_OBJC_ROOT_CLASS = YES_ERROR;
				CLANG_WARN_UNREACHABLE_CODE = YES;
				CLANG_WARN__DUPLICATE_METHOD_MATCH = YES;
				"CODE_SIGN_IDENTITY[sdk=iphoneos*]" = "iPhone Developer";
				COPY_PHASE_STRIP = NO;
				DEBUG_INFORMATION_FORMAT = "dwarf-with-dsym";
				ENABLE_NS_ASSERTIONS = NO;
				ENABLE_STRICT_OBJC_MSGSEND = YES;
				GCC_C_LANGUAGE_STANDARD = gnu99;
				GCC_NO_COMMON_BLOCKS = YES;
				GCC_WARN_64_TO_32_BIT_CONVERSION = YES;
				GCC_WARN_ABOUT_RETURN_TYPE = YES_ERROR;
				GCC_WARN_UNDECLARED_SELECTOR = YES;
				GCC_WARN_UNINITIALIZED_AUTOS = YES_AGGRESSIVE;
				GCC_WARN_UNUSED_FUNCTION = YES;
				GCC_WARN_UNUSED_VARIABLE = YES;
				IPHONEOS_DEPLOYMENT_TARGET = 7.1;
				MTL_ENABLE_DEBUG_INFO = NO;
				SDKROOT = iphoneos;
				VALIDATE_PRODUCT = YES;
			};
			name = Release;
		};
		397F02F31B9EEEF500C413FE /* Debug */ = {
			isa = XCBuildConfiguration;
			baseConfigurationReference = 834D0885FF5069CC428F3F54 /* Pods.debug.xcconfig */;
			buildSettings = {
				ASSETCATALOG_COMPILER_APPICON_NAME = AppIcon;
				ASSETCATALOG_COMPILER_LAUNCHIMAGE_NAME = LaunchImage;
				ENABLE_STRICT_OBJC_MSGSEND = NO;
				GCC_PRECOMPILE_PREFIX_HEADER = YES;
				GCC_PREFIX_HEADER = "mia/mia-Prefix.pch";
				INFOPLIST_FILE = mia/Info.plist;
				IPHONEOS_DEPLOYMENT_TARGET = 7.1;
				LD_RUNPATH_SEARCH_PATHS = "$(inherited) @executable_path/Frameworks";
				PRODUCT_NAME = "$(TARGET_NAME)";
			};
			name = Debug;
		};
		397F02F41B9EEEF500C413FE /* Release */ = {
			isa = XCBuildConfiguration;
			baseConfigurationReference = 8BB1D1E7765FD72A878E7526 /* Pods.release.xcconfig */;
			buildSettings = {
				ASSETCATALOG_COMPILER_APPICON_NAME = AppIcon;
				ASSETCATALOG_COMPILER_LAUNCHIMAGE_NAME = LaunchImage;
				ENABLE_STRICT_OBJC_MSGSEND = NO;
				GCC_PRECOMPILE_PREFIX_HEADER = YES;
				GCC_PREFIX_HEADER = "mia/mia-Prefix.pch";
				INFOPLIST_FILE = mia/Info.plist;
				IPHONEOS_DEPLOYMENT_TARGET = 7.1;
				LD_RUNPATH_SEARCH_PATHS = "$(inherited) @executable_path/Frameworks";
				PRODUCT_NAME = "$(TARGET_NAME)";
			};
			name = Release;
		};
		397F02F61B9EEEF500C413FE /* Debug */ = {
			isa = XCBuildConfiguration;
			buildSettings = {
				BUNDLE_LOADER = "$(TEST_HOST)";
				FRAMEWORK_SEARCH_PATHS = (
					"$(SDKROOT)/Developer/Library/Frameworks",
					"$(inherited)",
				);
				GCC_PREPROCESSOR_DEFINITIONS = (
					"DEBUG=1",
					"$(inherited)",
				);
				INFOPLIST_FILE = miaTests/Info.plist;
				LD_RUNPATH_SEARCH_PATHS = "$(inherited) @executable_path/Frameworks @loader_path/Frameworks";
				PRODUCT_NAME = "$(TARGET_NAME)";
				TEST_HOST = "$(BUILT_PRODUCTS_DIR)/mia.app/mia";
			};
			name = Debug;
		};
		397F02F71B9EEEF500C413FE /* Release */ = {
			isa = XCBuildConfiguration;
			buildSettings = {
				BUNDLE_LOADER = "$(TEST_HOST)";
				FRAMEWORK_SEARCH_PATHS = (
					"$(SDKROOT)/Developer/Library/Frameworks",
					"$(inherited)",
				);
				INFOPLIST_FILE = miaTests/Info.plist;
				LD_RUNPATH_SEARCH_PATHS = "$(inherited) @executable_path/Frameworks @loader_path/Frameworks";
				PRODUCT_NAME = "$(TARGET_NAME)";
				TEST_HOST = "$(BUILT_PRODUCTS_DIR)/mia.app/mia";
			};
			name = Release;
		};
/* End XCBuildConfiguration section */

/* Begin XCConfigurationList section */
		397F02C71B9EEEF500C413FE /* Build configuration list for PBXProject "mia" */ = {
			isa = XCConfigurationList;
			buildConfigurations = (
				397F02F01B9EEEF500C413FE /* Debug */,
				397F02F11B9EEEF500C413FE /* Release */,
			);
			defaultConfigurationIsVisible = 0;
			defaultConfigurationName = Release;
		};
		397F02F21B9EEEF500C413FE /* Build configuration list for PBXNativeTarget "mia" */ = {
			isa = XCConfigurationList;
			buildConfigurations = (
				397F02F31B9EEEF500C413FE /* Debug */,
				397F02F41B9EEEF500C413FE /* Release */,
			);
			defaultConfigurationIsVisible = 0;
			defaultConfigurationName = Release;
		};
		397F02F51B9EEEF500C413FE /* Build configuration list for PBXNativeTarget "miaTests" */ = {
			isa = XCConfigurationList;
			buildConfigurations = (
				397F02F61B9EEEF500C413FE /* Debug */,
				397F02F71B9EEEF500C413FE /* Release */,
			);
			defaultConfigurationIsVisible = 0;
			defaultConfigurationName = Release;
		};
/* End XCConfigurationList section */

/* Begin XCVersionGroup section */
		397F02D61B9EEEF500C413FE /* mia.xcdatamodeld */ = {
			isa = XCVersionGroup;
			children = (
				397F02D71B9EEEF500C413FE /* mia.xcdatamodel */,
			);
			currentVersion = 397F02D71B9EEEF500C413FE /* mia.xcdatamodel */;
			path = mia.xcdatamodeld;
			sourceTree = "<group>";
			versionGroupType = wrapper.xcdatamodel;
		};
/* End XCVersionGroup section */
	};
	rootObject = 397F02C41B9EEEF500C413FE /* Project object */;
}
