// !$*UTF8*$!
{
	archiveVersion = 1;
	classes = {
	};
	objectVersion = 46;
	objects = {

/* Begin PBXBuildFile section */
		79102612DC8A468AD9D05D67 /* libPods.a in Frameworks */ = {isa = PBXBuildFile; fileRef = 7DE6B5500149DDEAE233F794 /* libPods.a */; };
		CD06900E1C746B8C001C0997 /* UIView+FindUIViewController.m in Sources */ = {isa = PBXBuildFile; fileRef = CD068FDD1C746B8C001C0997 /* UIView+FindUIViewController.m */; };
		CD06900F1C746B8C001C0997 /* UIView+Frame.m in Sources */ = {isa = PBXBuildFile; fileRef = CD068FDF1C746B8C001C0997 /* UIView+Frame.m */; };
		CD0690101C746B8C001C0997 /* UIViewController+HXClass.m in Sources */ = {isa = PBXBuildFile; fileRef = CD068FE11C746B8C001C0997 /* UIViewController+HXClass.m */; };
		CD0690111C746B8C001C0997 /* UIButton+HXIBnspectable.m in Sources */ = {isa = PBXBuildFile; fileRef = CD068FE51C746B8C001C0997 /* UIButton+HXIBnspectable.m */; };
		CD0690121C746B8C001C0997 /* UILabel+HXIBnsepectable.m in Sources */ = {isa = PBXBuildFile; fileRef = CD068FE71C746B8C001C0997 /* UILabel+HXIBnsepectable.m */; };
		CD0690131C746B8C001C0997 /* UIView+HXIBnspectable.m in Sources */ = {isa = PBXBuildFile; fileRef = CD068FE91C746B8C001C0997 /* UIView+HXIBnspectable.m */; };
		CD0690141C746B8C001C0997 /* HXIBButton.m in Sources */ = {isa = PBXBuildFile; fileRef = CD068FEC1C746B8C001C0997 /* HXIBButton.m */; };
		CD0690151C746B8C001C0997 /* HXIBImageView.m in Sources */ = {isa = PBXBuildFile; fileRef = CD068FEE1C746B8C001C0997 /* HXIBImageView.m */; };
		CD0690161C746B8C001C0997 /* HXIBLabel.m in Sources */ = {isa = PBXBuildFile; fileRef = CD068FF01C746B8C001C0997 /* HXIBLabel.m */; };
		CD0690171C746B8C001C0997 /* HXIBView.m in Sources */ = {isa = PBXBuildFile; fileRef = CD068FF21C746B8C001C0997 /* HXIBView.m */; };
		CD0690181C746B8C001C0997 /* HXIBnsepectableManager.m in Sources */ = {isa = PBXBuildFile; fileRef = CD068FF51C746B8C001C0997 /* HXIBnsepectableManager.m */; };
		CD0690191C746B8C001C0997 /* HXAppConstants.m in Sources */ = {isa = PBXBuildFile; fileRef = CD068FF81C746B8C001C0997 /* HXAppConstants.m */; };
		CD06901A1C746B8C001C0997 /* HXCaptchButton.m in Sources */ = {isa = PBXBuildFile; fileRef = CD068FFD1C746B8C001C0997 /* HXCaptchButton.m */; };
		CD06901B1C746B8C001C0997 /* HXLabel.m in Sources */ = {isa = PBXBuildFile; fileRef = CD0690001C746B8C001C0997 /* HXLabel.m */; };
		CD06901C1C746B8C001C0997 /* HXTextView.m in Sources */ = {isa = PBXBuildFile; fileRef = CD0690031C746B8C001C0997 /* HXTextView.m */; };
		CD06901D1C746B8C001C0997 /* HXStoryBoardManager.m in Sources */ = {isa = PBXBuildFile; fileRef = CD0690071C746B8C001C0997 /* HXStoryBoardManager.m */; };
		CD06901E1C746B8C001C0997 /* HXThemeManager.m in Sources */ = {isa = PBXBuildFile; fileRef = CD06900A1C746B8C001C0997 /* HXThemeManager.m */; };
		CD06901F1C746B8C001C0997 /* HXVersion.m in Sources */ = {isa = PBXBuildFile; fileRef = CD06900D1C746B8C001C0997 /* HXVersion.m */; };
		CD0690231C746D10001C0997 /* HXMeViewController.m in Sources */ = {isa = PBXBuildFile; fileRef = CD0690221C746D10001C0997 /* HXMeViewController.m */; };
		CD0690261C747164001C0997 /* Me.storyboard in Resources */ = {isa = PBXBuildFile; fileRef = CD0690241C747164001C0997 /* Me.storyboard */; };
		CD64E9091C7AACC100270836 /* HXDiscoveryCell.m in Sources */ = {isa = PBXBuildFile; fileRef = CD64E9071C7AACC100270836 /* HXDiscoveryCell.m */; };
		CD64E90C1C7AACE200270836 /* HXDiscoveryHeader.m in Sources */ = {isa = PBXBuildFile; fileRef = CD64E90B1C7AACE200270836 /* HXDiscoveryHeader.m */; };
		CD64E90E1C7AAE6400270836 /* HXDiscoveryHeader.xib in Resources */ = {isa = PBXBuildFile; fileRef = CD64E90D1C7AAE6400270836 /* HXDiscoveryHeader.xib */; };
		CD64E9121C7AB27300270836 /* HXDiscoveryCover.m in Sources */ = {isa = PBXBuildFile; fileRef = CD64E9111C7AB27300270836 /* HXDiscoveryCover.m */; };
		CD64E9141C7AB27B00270836 /* HXDiscoveryCover.xib in Resources */ = {isa = PBXBuildFile; fileRef = CD64E9131C7AB27B00270836 /* HXDiscoveryCover.xib */; };
		CDB55E5C1C72C7EE00962ED0 /* main.m in Sources */ = {isa = PBXBuildFile; fileRef = CDB55E5B1C72C7EE00962ED0 /* main.m */; };
		CDB55E5F1C72C7EE00962ED0 /* AppDelegate.m in Sources */ = {isa = PBXBuildFile; fileRef = CDB55E5E1C72C7EE00962ED0 /* AppDelegate.m */; };
		CDB55E681C72C7EE00962ED0 /* Main.storyboard in Resources */ = {isa = PBXBuildFile; fileRef = CDB55E661C72C7EE00962ED0 /* Main.storyboard */; };
		CDB55E6A1C72C7EE00962ED0 /* Assets.xcassets in Resources */ = {isa = PBXBuildFile; fileRef = CDB55E691C72C7EE00962ED0 /* Assets.xcassets */; };
		CDB55E6D1C72C7EE00962ED0 /* LaunchScreen.storyboard in Resources */ = {isa = PBXBuildFile; fileRef = CDB55E6B1C72C7EE00962ED0 /* LaunchScreen.storyboard */; };
		CDB55E7C1C72CFB500962ED0 /* Discovery.storyboard in Resources */ = {isa = PBXBuildFile; fileRef = CDB55E7A1C72CFB500962ED0 /* Discovery.storyboard */; };
		CDB55E7F1C72CFC000962ED0 /* Favorite.storyboard in Resources */ = {isa = PBXBuildFile; fileRef = CDB55E7D1C72CFC000962ED0 /* Favorite.storyboard */; };
		CDB55E841C72CFD500962ED0 /* Profile.storyboard in Resources */ = {isa = PBXBuildFile; fileRef = CDB55E821C72CFD500962ED0 /* Profile.storyboard */; };
		CDB55E8F1C72D16300962ED0 /* HXMainViewController.m in Sources */ = {isa = PBXBuildFile; fileRef = CDB55E8C1C72D16300962ED0 /* HXMainViewController.m */; };
		CDB55E901C72D16300962ED0 /* HXPanGestureNavgaitionController.m in Sources */ = {isa = PBXBuildFile; fileRef = CDB55E8E1C72D16300962ED0 /* HXPanGestureNavgaitionController.m */; };
		CDB55E961C72D24200962ED0 /* HXProfileViewController.m in Sources */ = {isa = PBXBuildFile; fileRef = CDB55E951C72D24200962ED0 /* HXProfileViewController.m */; };
		CDB55E9C1C73005B00962ED0 /* HXFavoriteViewController.m in Sources */ = {isa = PBXBuildFile; fileRef = CDB55E9B1C73005B00962ED0 /* HXFavoriteViewController.m */; };
		CDBC45311C75D4A60037FEC4 /* HXDiscoveryContainerViewController.m in Sources */ = {isa = PBXBuildFile; fileRef = CDBC452E1C75D4A60037FEC4 /* HXDiscoveryContainerViewController.m */; };
		CDBC45321C75D4A60037FEC4 /* HXDiscoveryViewController.m in Sources */ = {isa = PBXBuildFile; fileRef = CDBC45301C75D4A60037FEC4 /* HXDiscoveryViewController.m */; };
/* End PBXBuildFile section */

/* Begin PBXFileReference section */
		20B98B5DB24170C5D64D6BE3 /* Pods.debug.xcconfig */ = {isa = PBXFileReference; includeInIndex = 1; lastKnownFileType = text.xcconfig; name = Pods.debug.xcconfig; path = "Pods/Target Support Files/Pods/Pods.debug.xcconfig"; sourceTree = "<group>"; };
		7DE6B5500149DDEAE233F794 /* libPods.a */ = {isa = PBXFileReference; explicitFileType = archive.ar; includeInIndex = 0; path = libPods.a; sourceTree = BUILT_PRODUCTS_DIR; };
		CD068FDC1C746B8C001C0997 /* UIView+FindUIViewController.h */ = {isa = PBXFileReference; fileEncoding = 4; lastKnownFileType = sourcecode.c.h; path = "UIView+FindUIViewController.h"; sourceTree = "<group>"; };
		CD068FDD1C746B8C001C0997 /* UIView+FindUIViewController.m */ = {isa = PBXFileReference; fileEncoding = 4; lastKnownFileType = sourcecode.c.objc; path = "UIView+FindUIViewController.m"; sourceTree = "<group>"; };
		CD068FDE1C746B8C001C0997 /* UIView+Frame.h */ = {isa = PBXFileReference; fileEncoding = 4; lastKnownFileType = sourcecode.c.h; path = "UIView+Frame.h"; sourceTree = "<group>"; };
		CD068FDF1C746B8C001C0997 /* UIView+Frame.m */ = {isa = PBXFileReference; fileEncoding = 4; lastKnownFileType = sourcecode.c.objc; path = "UIView+Frame.m"; sourceTree = "<group>"; };
		CD068FE01C746B8C001C0997 /* UIViewController+HXClass.h */ = {isa = PBXFileReference; fileEncoding = 4; lastKnownFileType = sourcecode.c.h; path = "UIViewController+HXClass.h"; sourceTree = "<group>"; };
		CD068FE11C746B8C001C0997 /* UIViewController+HXClass.m */ = {isa = PBXFileReference; fileEncoding = 4; lastKnownFileType = sourcecode.c.objc; path = "UIViewController+HXClass.m"; sourceTree = "<group>"; };
		CD068FE41C746B8C001C0997 /* UIButton+HXIBnspectable.h */ = {isa = PBXFileReference; fileEncoding = 4; lastKnownFileType = sourcecode.c.h; path = "UIButton+HXIBnspectable.h"; sourceTree = "<group>"; };
		CD068FE51C746B8C001C0997 /* UIButton+HXIBnspectable.m */ = {isa = PBXFileReference; fileEncoding = 4; lastKnownFileType = sourcecode.c.objc; path = "UIButton+HXIBnspectable.m"; sourceTree = "<group>"; };
		CD068FE61C746B8C001C0997 /* UILabel+HXIBnsepectable.h */ = {isa = PBXFileReference; fileEncoding = 4; lastKnownFileType = sourcecode.c.h; path = "UILabel+HXIBnsepectable.h"; sourceTree = "<group>"; };
		CD068FE71C746B8C001C0997 /* UILabel+HXIBnsepectable.m */ = {isa = PBXFileReference; fileEncoding = 4; lastKnownFileType = sourcecode.c.objc; path = "UILabel+HXIBnsepectable.m"; sourceTree = "<group>"; };
		CD068FE81C746B8C001C0997 /* UIView+HXIBnspectable.h */ = {isa = PBXFileReference; fileEncoding = 4; lastKnownFileType = sourcecode.c.h; path = "UIView+HXIBnspectable.h"; sourceTree = "<group>"; };
		CD068FE91C746B8C001C0997 /* UIView+HXIBnspectable.m */ = {isa = PBXFileReference; fileEncoding = 4; lastKnownFileType = sourcecode.c.objc; path = "UIView+HXIBnspectable.m"; sourceTree = "<group>"; };
		CD068FEB1C746B8C001C0997 /* HXIBButton.h */ = {isa = PBXFileReference; fileEncoding = 4; lastKnownFileType = sourcecode.c.h; path = HXIBButton.h; sourceTree = "<group>"; };
		CD068FEC1C746B8C001C0997 /* HXIBButton.m */ = {isa = PBXFileReference; fileEncoding = 4; lastKnownFileType = sourcecode.c.objc; path = HXIBButton.m; sourceTree = "<group>"; };
		CD068FED1C746B8C001C0997 /* HXIBImageView.h */ = {isa = PBXFileReference; fileEncoding = 4; lastKnownFileType = sourcecode.c.h; path = HXIBImageView.h; sourceTree = "<group>"; };
		CD068FEE1C746B8C001C0997 /* HXIBImageView.m */ = {isa = PBXFileReference; fileEncoding = 4; lastKnownFileType = sourcecode.c.objc; path = HXIBImageView.m; sourceTree = "<group>"; };
		CD068FEF1C746B8C001C0997 /* HXIBLabel.h */ = {isa = PBXFileReference; fileEncoding = 4; lastKnownFileType = sourcecode.c.h; path = HXIBLabel.h; sourceTree = "<group>"; };
		CD068FF01C746B8C001C0997 /* HXIBLabel.m */ = {isa = PBXFileReference; fileEncoding = 4; lastKnownFileType = sourcecode.c.objc; path = HXIBLabel.m; sourceTree = "<group>"; };
		CD068FF11C746B8C001C0997 /* HXIBView.h */ = {isa = PBXFileReference; fileEncoding = 4; lastKnownFileType = sourcecode.c.h; path = HXIBView.h; sourceTree = "<group>"; };
		CD068FF21C746B8C001C0997 /* HXIBView.m */ = {isa = PBXFileReference; fileEncoding = 4; lastKnownFileType = sourcecode.c.objc; path = HXIBView.m; sourceTree = "<group>"; };
		CD068FF41C746B8C001C0997 /* HXIBnsepectableManager.h */ = {isa = PBXFileReference; fileEncoding = 4; lastKnownFileType = sourcecode.c.h; path = HXIBnsepectableManager.h; sourceTree = "<group>"; };
		CD068FF51C746B8C001C0997 /* HXIBnsepectableManager.m */ = {isa = PBXFileReference; fileEncoding = 4; lastKnownFileType = sourcecode.c.objc; path = HXIBnsepectableManager.m; sourceTree = "<group>"; };
		CD068FF71C746B8C001C0997 /* HXAppConstants.h */ = {isa = PBXFileReference; fileEncoding = 4; lastKnownFileType = sourcecode.c.h; path = HXAppConstants.h; sourceTree = "<group>"; };
		CD068FF81C746B8C001C0997 /* HXAppConstants.m */ = {isa = PBXFileReference; fileEncoding = 4; lastKnownFileType = sourcecode.c.objc; path = HXAppConstants.m; sourceTree = "<group>"; };
		CD068FF91C746B8C001C0997 /* UIConstants.h */ = {isa = PBXFileReference; fileEncoding = 4; lastKnownFileType = sourcecode.c.h; path = UIConstants.h; sourceTree = "<group>"; };
		CD068FFC1C746B8C001C0997 /* HXCaptchButton.h */ = {isa = PBXFileReference; fileEncoding = 4; lastKnownFileType = sourcecode.c.h; path = HXCaptchButton.h; sourceTree = "<group>"; };
		CD068FFD1C746B8C001C0997 /* HXCaptchButton.m */ = {isa = PBXFileReference; fileEncoding = 4; lastKnownFileType = sourcecode.c.objc; path = HXCaptchButton.m; sourceTree = "<group>"; };
		CD068FFF1C746B8C001C0997 /* HXLabel.h */ = {isa = PBXFileReference; fileEncoding = 4; lastKnownFileType = sourcecode.c.h; path = HXLabel.h; sourceTree = "<group>"; };
		CD0690001C746B8C001C0997 /* HXLabel.m */ = {isa = PBXFileReference; fileEncoding = 4; lastKnownFileType = sourcecode.c.objc; path = HXLabel.m; sourceTree = "<group>"; };
		CD0690021C746B8C001C0997 /* HXTextView.h */ = {isa = PBXFileReference; fileEncoding = 4; lastKnownFileType = sourcecode.c.h; path = HXTextView.h; sourceTree = "<group>"; };
		CD0690031C746B8C001C0997 /* HXTextView.m */ = {isa = PBXFileReference; fileEncoding = 4; lastKnownFileType = sourcecode.c.objc; path = HXTextView.m; sourceTree = "<group>"; };
		CD0690061C746B8C001C0997 /* HXStoryBoardManager.h */ = {isa = PBXFileReference; fileEncoding = 4; lastKnownFileType = sourcecode.c.h; path = HXStoryBoardManager.h; sourceTree = "<group>"; };
		CD0690071C746B8C001C0997 /* HXStoryBoardManager.m */ = {isa = PBXFileReference; fileEncoding = 4; lastKnownFileType = sourcecode.c.objc; path = HXStoryBoardManager.m; sourceTree = "<group>"; };
		CD0690091C746B8C001C0997 /* HXThemeManager.h */ = {isa = PBXFileReference; fileEncoding = 4; lastKnownFileType = sourcecode.c.h; path = HXThemeManager.h; sourceTree = "<group>"; };
		CD06900A1C746B8C001C0997 /* HXThemeManager.m */ = {isa = PBXFileReference; fileEncoding = 4; lastKnownFileType = sourcecode.c.objc; path = HXThemeManager.m; sourceTree = "<group>"; };
		CD06900C1C746B8C001C0997 /* HXVersion.h */ = {isa = PBXFileReference; fileEncoding = 4; lastKnownFileType = sourcecode.c.h; path = HXVersion.h; sourceTree = "<group>"; };
		CD06900D1C746B8C001C0997 /* HXVersion.m */ = {isa = PBXFileReference; fileEncoding = 4; lastKnownFileType = sourcecode.c.objc; path = HXVersion.m; sourceTree = "<group>"; };
		CD0690211C746D10001C0997 /* HXMeViewController.h */ = {isa = PBXFileReference; fileEncoding = 4; lastKnownFileType = sourcecode.c.h; path = HXMeViewController.h; sourceTree = "<group>"; };
		CD0690221C746D10001C0997 /* HXMeViewController.m */ = {isa = PBXFileReference; fileEncoding = 4; lastKnownFileType = sourcecode.c.objc; path = HXMeViewController.m; sourceTree = "<group>"; };
		CD0690251C747164001C0997 /* Base */ = {isa = PBXFileReference; lastKnownFileType = file.storyboard; name = Base; path = Base.lproj/Me.storyboard; sourceTree = "<group>"; };
		CD64E9041C7AAC9A00270836 /* HXXib.h */ = {isa = PBXFileReference; lastKnownFileType = sourcecode.c.h; path = HXXib.h; sourceTree = "<group>"; };
		CD64E9061C7AACC100270836 /* HXDiscoveryCell.h */ = {isa = PBXFileReference; fileEncoding = 4; lastKnownFileType = sourcecode.c.h; path = HXDiscoveryCell.h; sourceTree = "<group>"; };
		CD64E9071C7AACC100270836 /* HXDiscoveryCell.m */ = {isa = PBXFileReference; fileEncoding = 4; lastKnownFileType = sourcecode.c.objc; path = HXDiscoveryCell.m; sourceTree = "<group>"; };
		CD64E90A1C7AACE100270836 /* HXDiscoveryHeader.h */ = {isa = PBXFileReference; fileEncoding = 4; lastKnownFileType = sourcecode.c.h; path = HXDiscoveryHeader.h; sourceTree = "<group>"; };
		CD64E90B1C7AACE200270836 /* HXDiscoveryHeader.m */ = {isa = PBXFileReference; fileEncoding = 4; lastKnownFileType = sourcecode.c.objc; path = HXDiscoveryHeader.m; sourceTree = "<group>"; };
		CD64E90D1C7AAE6400270836 /* HXDiscoveryHeader.xib */ = {isa = PBXFileReference; fileEncoding = 4; lastKnownFileType = file.xib; path = HXDiscoveryHeader.xib; sourceTree = "<group>"; };
		CD64E9101C7AB27300270836 /* HXDiscoveryCover.h */ = {isa = PBXFileReference; fileEncoding = 4; lastKnownFileType = sourcecode.c.h; path = HXDiscoveryCover.h; sourceTree = "<group>"; };
		CD64E9111C7AB27300270836 /* HXDiscoveryCover.m */ = {isa = PBXFileReference; fileEncoding = 4; lastKnownFileType = sourcecode.c.objc; path = HXDiscoveryCover.m; sourceTree = "<group>"; };
		CD64E9131C7AB27B00270836 /* HXDiscoveryCover.xib */ = {isa = PBXFileReference; fileEncoding = 4; lastKnownFileType = file.xib; path = HXDiscoveryCover.xib; sourceTree = "<group>"; };
		CDB55E571C72C7EE00962ED0 /* mia.app */ = {isa = PBXFileReference; explicitFileType = wrapper.application; includeInIndex = 0; path = mia.app; sourceTree = BUILT_PRODUCTS_DIR; };
		CDB55E5B1C72C7EE00962ED0 /* main.m */ = {isa = PBXFileReference; lastKnownFileType = sourcecode.c.objc; path = main.m; sourceTree = "<group>"; };
		CDB55E5D1C72C7EE00962ED0 /* AppDelegate.h */ = {isa = PBXFileReference; lastKnownFileType = sourcecode.c.h; path = AppDelegate.h; sourceTree = "<group>"; };
		CDB55E5E1C72C7EE00962ED0 /* AppDelegate.m */ = {isa = PBXFileReference; lastKnownFileType = sourcecode.c.objc; path = AppDelegate.m; sourceTree = "<group>"; };
		CDB55E671C72C7EE00962ED0 /* Base */ = {isa = PBXFileReference; lastKnownFileType = file.storyboard; name = Base; path = Base.lproj/Main.storyboard; sourceTree = "<group>"; };
		CDB55E691C72C7EE00962ED0 /* Assets.xcassets */ = {isa = PBXFileReference; lastKnownFileType = folder.assetcatalog; path = Assets.xcassets; sourceTree = "<group>"; };
		CDB55E6C1C72C7EE00962ED0 /* Base */ = {isa = PBXFileReference; lastKnownFileType = file.storyboard; name = Base; path = Base.lproj/LaunchScreen.storyboard; sourceTree = "<group>"; };
		CDB55E6E1C72C7EE00962ED0 /* Info.plist */ = {isa = PBXFileReference; lastKnownFileType = text.plist.xml; path = Info.plist; sourceTree = "<group>"; };
		CDB55E7B1C72CFB500962ED0 /* Base */ = {isa = PBXFileReference; lastKnownFileType = file.storyboard; name = Base; path = Base.lproj/Discovery.storyboard; sourceTree = "<group>"; };
		CDB55E7E1C72CFC000962ED0 /* Base */ = {isa = PBXFileReference; lastKnownFileType = file.storyboard; name = Base; path = Base.lproj/Favorite.storyboard; sourceTree = "<group>"; };
		CDB55E831C72CFD500962ED0 /* Base */ = {isa = PBXFileReference; lastKnownFileType = file.storyboard; name = Base; path = Base.lproj/Profile.storyboard; sourceTree = "<group>"; };
		CDB55E8B1C72D16300962ED0 /* HXMainViewController.h */ = {isa = PBXFileReference; fileEncoding = 4; lastKnownFileType = sourcecode.c.h; path = HXMainViewController.h; sourceTree = "<group>"; };
		CDB55E8C1C72D16300962ED0 /* HXMainViewController.m */ = {isa = PBXFileReference; fileEncoding = 4; lastKnownFileType = sourcecode.c.objc; path = HXMainViewController.m; sourceTree = "<group>"; };
		CDB55E8D1C72D16300962ED0 /* HXPanGestureNavgaitionController.h */ = {isa = PBXFileReference; fileEncoding = 4; lastKnownFileType = sourcecode.c.h; path = HXPanGestureNavgaitionController.h; sourceTree = "<group>"; };
		CDB55E8E1C72D16300962ED0 /* HXPanGestureNavgaitionController.m */ = {isa = PBXFileReference; fileEncoding = 4; lastKnownFileType = sourcecode.c.objc; path = HXPanGestureNavgaitionController.m; sourceTree = "<group>"; };
		CDB55E941C72D24200962ED0 /* HXProfileViewController.h */ = {isa = PBXFileReference; fileEncoding = 4; lastKnownFileType = sourcecode.c.h; path = HXProfileViewController.h; sourceTree = "<group>"; };
		CDB55E951C72D24200962ED0 /* HXProfileViewController.m */ = {isa = PBXFileReference; fileEncoding = 4; lastKnownFileType = sourcecode.c.objc; path = HXProfileViewController.m; sourceTree = "<group>"; };
		CDB55E9A1C73005B00962ED0 /* HXFavoriteViewController.h */ = {isa = PBXFileReference; fileEncoding = 4; lastKnownFileType = sourcecode.c.h; path = HXFavoriteViewController.h; sourceTree = "<group>"; };
		CDB55E9B1C73005B00962ED0 /* HXFavoriteViewController.m */ = {isa = PBXFileReference; fileEncoding = 4; lastKnownFileType = sourcecode.c.objc; path = HXFavoriteViewController.m; sourceTree = "<group>"; };
		CDBC452D1C75D4A60037FEC4 /* HXDiscoveryContainerViewController.h */ = {isa = PBXFileReference; fileEncoding = 4; lastKnownFileType = sourcecode.c.h; path = HXDiscoveryContainerViewController.h; sourceTree = "<group>"; };
		CDBC452E1C75D4A60037FEC4 /* HXDiscoveryContainerViewController.m */ = {isa = PBXFileReference; fileEncoding = 4; lastKnownFileType = sourcecode.c.objc; path = HXDiscoveryContainerViewController.m; sourceTree = "<group>"; };
		CDBC452F1C75D4A60037FEC4 /* HXDiscoveryViewController.h */ = {isa = PBXFileReference; fileEncoding = 4; lastKnownFileType = sourcecode.c.h; path = HXDiscoveryViewController.h; sourceTree = "<group>"; };
		CDBC45301C75D4A60037FEC4 /* HXDiscoveryViewController.m */ = {isa = PBXFileReference; fileEncoding = 4; lastKnownFileType = sourcecode.c.objc; path = HXDiscoveryViewController.m; sourceTree = "<group>"; };
		E2440684D64E12C6BEB63D9B /* Pods.release.xcconfig */ = {isa = PBXFileReference; includeInIndex = 1; lastKnownFileType = text.xcconfig; name = Pods.release.xcconfig; path = "Pods/Target Support Files/Pods/Pods.release.xcconfig"; sourceTree = "<group>"; };
/* End PBXFileReference section */

/* Begin PBXFrameworksBuildPhase section */
		CDB55E541C72C7EE00962ED0 /* Frameworks */ = {
			isa = PBXFrameworksBuildPhase;
			buildActionMask = 2147483647;
			files = (
				79102612DC8A468AD9D05D67 /* libPods.a in Frameworks */,
			);
			runOnlyForDeploymentPostprocessing = 0;
		};
/* End PBXFrameworksBuildPhase section */

/* Begin PBXGroup section */
		4DCA609385D279E600EAA8D6 /* Pods */ = {
			isa = PBXGroup;
			children = (
				20B98B5DB24170C5D64D6BE3 /* Pods.debug.xcconfig */,
				E2440684D64E12C6BEB63D9B /* Pods.release.xcconfig */,
			);
			name = Pods;
			sourceTree = "<group>";
		};
		CD068FDA1C746B8C001C0997 /* Common */ = {
			isa = PBXGroup;
			children = (
				CD068FDB1C746B8C001C0997 /* Category */,
				CD068FE21C746B8C001C0997 /* HXIBKit */,
				CD068FF61C746B8C001C0997 /* Macros */,
				CD068FFA1C746B8C001C0997 /* UIComponent */,
				CD0690041C746B8C001C0997 /* Uitility */,
			);
			path = Common;
			sourceTree = "<group>";
		};
		CD068FDB1C746B8C001C0997 /* Category */ = {
			isa = PBXGroup;
			children = (
				CD068FDC1C746B8C001C0997 /* UIView+FindUIViewController.h */,
				CD068FDD1C746B8C001C0997 /* UIView+FindUIViewController.m */,
				CD068FDE1C746B8C001C0997 /* UIView+Frame.h */,
				CD068FDF1C746B8C001C0997 /* UIView+Frame.m */,
				CD068FE01C746B8C001C0997 /* UIViewController+HXClass.h */,
				CD068FE11C746B8C001C0997 /* UIViewController+HXClass.m */,
			);
			path = Category;
			sourceTree = "<group>";
		};
		CD068FE21C746B8C001C0997 /* HXIBKit */ = {
			isa = PBXGroup;
			children = (
				CD068FE31C746B8C001C0997 /* Category */,
				CD068FEA1C746B8C001C0997 /* UIKit */,
				CD068FF31C746B8C001C0997 /* Utility */,
			);
			path = HXIBKit;
			sourceTree = "<group>";
		};
		CD068FE31C746B8C001C0997 /* Category */ = {
			isa = PBXGroup;
			children = (
				CD068FE41C746B8C001C0997 /* UIButton+HXIBnspectable.h */,
				CD068FE51C746B8C001C0997 /* UIButton+HXIBnspectable.m */,
				CD068FE61C746B8C001C0997 /* UILabel+HXIBnsepectable.h */,
				CD068FE71C746B8C001C0997 /* UILabel+HXIBnsepectable.m */,
				CD068FE81C746B8C001C0997 /* UIView+HXIBnspectable.h */,
				CD068FE91C746B8C001C0997 /* UIView+HXIBnspectable.m */,
			);
			path = Category;
			sourceTree = "<group>";
		};
		CD068FEA1C746B8C001C0997 /* UIKit */ = {
			isa = PBXGroup;
			children = (
				CD068FEB1C746B8C001C0997 /* HXIBButton.h */,
				CD068FEC1C746B8C001C0997 /* HXIBButton.m */,
				CD068FED1C746B8C001C0997 /* HXIBImageView.h */,
				CD068FEE1C746B8C001C0997 /* HXIBImageView.m */,
				CD068FEF1C746B8C001C0997 /* HXIBLabel.h */,
				CD068FF01C746B8C001C0997 /* HXIBLabel.m */,
				CD068FF11C746B8C001C0997 /* HXIBView.h */,
				CD068FF21C746B8C001C0997 /* HXIBView.m */,
			);
			path = UIKit;
			sourceTree = "<group>";
		};
		CD068FF31C746B8C001C0997 /* Utility */ = {
			isa = PBXGroup;
			children = (
				CD068FF41C746B8C001C0997 /* HXIBnsepectableManager.h */,
				CD068FF51C746B8C001C0997 /* HXIBnsepectableManager.m */,
			);
			path = Utility;
			sourceTree = "<group>";
		};
		CD068FF61C746B8C001C0997 /* Macros */ = {
			isa = PBXGroup;
			children = (
				CD068FF71C746B8C001C0997 /* HXAppConstants.h */,
				CD068FF81C746B8C001C0997 /* HXAppConstants.m */,
				CD068FF91C746B8C001C0997 /* UIConstants.h */,
			);
			path = Macros;
			sourceTree = "<group>";
		};
		CD068FFA1C746B8C001C0997 /* UIComponent */ = {
			isa = PBXGroup;
			children = (
				CD068FFB1C746B8C001C0997 /* HXCaptchButton */,
				CD068FFE1C746B8C001C0997 /* HXLabel */,
				CD0690011C746B8C001C0997 /* HXTextView */,
			);
			path = UIComponent;
			sourceTree = "<group>";
		};
		CD068FFB1C746B8C001C0997 /* HXCaptchButton */ = {
			isa = PBXGroup;
			children = (
				CD068FFC1C746B8C001C0997 /* HXCaptchButton.h */,
				CD068FFD1C746B8C001C0997 /* HXCaptchButton.m */,
			);
			path = HXCaptchButton;
			sourceTree = "<group>";
		};
		CD068FFE1C746B8C001C0997 /* HXLabel */ = {
			isa = PBXGroup;
			children = (
				CD068FFF1C746B8C001C0997 /* HXLabel.h */,
				CD0690001C746B8C001C0997 /* HXLabel.m */,
			);
			path = HXLabel;
			sourceTree = "<group>";
		};
		CD0690011C746B8C001C0997 /* HXTextView */ = {
			isa = PBXGroup;
			children = (
				CD0690021C746B8C001C0997 /* HXTextView.h */,
				CD0690031C746B8C001C0997 /* HXTextView.m */,
			);
			path = HXTextView;
			sourceTree = "<group>";
		};
		CD0690041C746B8C001C0997 /* Uitility */ = {
			isa = PBXGroup;
			children = (
				CD0690051C746B8C001C0997 /* HXStoryBoardManager */,
				CD0690081C746B8C001C0997 /* HXThemeManager */,
				CD06900B1C746B8C001C0997 /* HXVersion */,
			);
			path = Uitility;
			sourceTree = "<group>";
		};
		CD0690051C746B8C001C0997 /* HXStoryBoardManager */ = {
			isa = PBXGroup;
			children = (
				CD0690061C746B8C001C0997 /* HXStoryBoardManager.h */,
				CD0690071C746B8C001C0997 /* HXStoryBoardManager.m */,
			);
			path = HXStoryBoardManager;
			sourceTree = "<group>";
		};
		CD0690081C746B8C001C0997 /* HXThemeManager */ = {
			isa = PBXGroup;
			children = (
				CD0690091C746B8C001C0997 /* HXThemeManager.h */,
				CD06900A1C746B8C001C0997 /* HXThemeManager.m */,
			);
			path = HXThemeManager;
			sourceTree = "<group>";
		};
		CD06900B1C746B8C001C0997 /* HXVersion */ = {
			isa = PBXGroup;
			children = (
				CD06900C1C746B8C001C0997 /* HXVersion.h */,
				CD06900D1C746B8C001C0997 /* HXVersion.m */,
			);
			path = HXVersion;
			sourceTree = "<group>";
		};
		CD0690201C746D08001C0997 /* Me */ = {
			isa = PBXGroup;
			children = (
				CD0690211C746D10001C0997 /* HXMeViewController.h */,
				CD0690221C746D10001C0997 /* HXMeViewController.m */,
			);
			path = Me;
			sourceTree = "<group>";
		};
		CD64E9051C7AACC100270836 /* Content */ = {
			isa = PBXGroup;
			children = (
				CD64E90F1C7AB25B00270836 /* Cover */,
				CD64E9061C7AACC100270836 /* HXDiscoveryCell.h */,
				CD64E9071C7AACC100270836 /* HXDiscoveryCell.m */,
			);
			path = Content;
			sourceTree = "<group>";
		};
		CD64E9081C7AACC100270836 /* Header */ = {
			isa = PBXGroup;
			children = (
				CD64E90A1C7AACE100270836 /* HXDiscoveryHeader.h */,
				CD64E90B1C7AACE200270836 /* HXDiscoveryHeader.m */,
				CD64E90D1C7AAE6400270836 /* HXDiscoveryHeader.xib */,
			);
			path = Header;
			sourceTree = "<group>";
		};
		CD64E90F1C7AB25B00270836 /* Cover */ = {
			isa = PBXGroup;
			children = (
				CD64E9101C7AB27300270836 /* HXDiscoveryCover.h */,
				CD64E9111C7AB27300270836 /* HXDiscoveryCover.m */,
				CD64E9131C7AB27B00270836 /* HXDiscoveryCover.xib */,
			);
			path = Cover;
			sourceTree = "<group>";
		};
		CDB55E4E1C72C7ED00962ED0 = {
			isa = PBXGroup;
			children = (
				CDB55E591C72C7EE00962ED0 /* mia */,
				CDB55E581C72C7EE00962ED0 /* Products */,
				4DCA609385D279E600EAA8D6 /* Pods */,
				F054F07D4E0725BD42A9D66F /* Frameworks */,
			);
			sourceTree = "<group>";
		};
		CDB55E581C72C7EE00962ED0 /* Products */ = {
			isa = PBXGroup;
			children = (
				CDB55E571C72C7EE00962ED0 /* mia.app */,
			);
			name = Products;
			sourceTree = "<group>";
		};
		CDB55E591C72C7EE00962ED0 /* mia */ = {
			isa = PBXGroup;
			children = (
				CD068FDA1C746B8C001C0997 /* Common */,
				CDB55E761C72CEDF00962ED0 /* Models */,
				CDB55E791C72CEDF00962ED0 /* Views */,
				CDB55E781C72CEDF00962ED0 /* ViewModels */,
				CDB55E771C72CEDF00962ED0 /* ViewControllers */,
				CDB55E5D1C72C7EE00962ED0 /* AppDelegate.h */,
				CDB55E5E1C72C7EE00962ED0 /* AppDelegate.m */,
				CDB55E741C72CC4700962ED0 /* Resource */,
				CDB55E5A1C72C7EE00962ED0 /* Supporting Files */,
			);
			path = mia;
			sourceTree = "<group>";
		};
		CDB55E5A1C72C7EE00962ED0 /* Supporting Files */ = {
			isa = PBXGroup;
			children = (
				CDB55E6E1C72C7EE00962ED0 /* Info.plist */,
				CDB55E5B1C72C7EE00962ED0 /* main.m */,
			);
			name = "Supporting Files";
			sourceTree = "<group>";
		};
		CDB55E741C72CC4700962ED0 /* Resource */ = {
			isa = PBXGroup;
			children = (
				CDB55E751C72CC7200962ED0 /* UI */,
				CDB55E661C72C7EE00962ED0 /* Main.storyboard */,
				CDB55E6B1C72C7EE00962ED0 /* LaunchScreen.storyboard */,
				CDB55E691C72C7EE00962ED0 /* Assets.xcassets */,
			);
			name = Resource;
			sourceTree = "<group>";
		};
		CDB55E751C72CC7200962ED0 /* UI */ = {
			isa = PBXGroup;
			children = (
				CDB55E7A1C72CFB500962ED0 /* Discovery.storyboard */,
				CDB55E7D1C72CFC000962ED0 /* Favorite.storyboard */,
				CD0690241C747164001C0997 /* Me.storyboard */,
				CDB55E821C72CFD500962ED0 /* Profile.storyboard */,
			);
			name = UI;
			sourceTree = "<group>";
		};
		CDB55E761C72CEDF00962ED0 /* Models */ = {
			isa = PBXGroup;
			children = (
			);
			path = Models;
			sourceTree = "<group>";
		};
		CDB55E771C72CEDF00962ED0 /* ViewControllers */ = {
			isa = PBXGroup;
			children = (
				CDBC452C1C75D4A60037FEC4 /* Discovery */,
				CDB55E911C72D21D00962ED0 /* Favorite */,
				CD0690201C746D08001C0997 /* Me */,
				CDB55E931C72D21D00962ED0 /* Profile */,
				CDB55E8D1C72D16300962ED0 /* HXPanGestureNavgaitionController.h */,
				CDB55E8E1C72D16300962ED0 /* HXPanGestureNavgaitionController.m */,
				CDB55E8B1C72D16300962ED0 /* HXMainViewController.h */,
				CDB55E8C1C72D16300962ED0 /* HXMainViewController.m */,
			);
			path = ViewControllers;
			sourceTree = "<group>";
		};
		CDB55E781C72CEDF00962ED0 /* ViewModels */ = {
			isa = PBXGroup;
			children = (
			);
			path = ViewModels;
			sourceTree = "<group>";
		};
		CDB55E791C72CEDF00962ED0 /* Views */ = {
			isa = PBXGroup;
			children = (
				CDBC45331C75D6100037FEC4 /* Discovery */,
				CD64E9041C7AAC9A00270836 /* HXXib.h */,
			);
			path = Views;
			sourceTree = "<group>";
		};
		CDB55E911C72D21D00962ED0 /* Favorite */ = {
			isa = PBXGroup;
			children = (
				CDB55E9A1C73005B00962ED0 /* HXFavoriteViewController.h */,
				CDB55E9B1C73005B00962ED0 /* HXFavoriteViewController.m */,
			);
			path = Favorite;
			sourceTree = "<group>";
		};
		CDB55E931C72D21D00962ED0 /* Profile */ = {
			isa = PBXGroup;
			children = (
				CDB55E941C72D24200962ED0 /* HXProfileViewController.h */,
				CDB55E951C72D24200962ED0 /* HXProfileViewController.m */,
			);
			path = Profile;
			sourceTree = "<group>";
		};
		CDBC452C1C75D4A60037FEC4 /* Discovery */ = {
			isa = PBXGroup;
			children = (
				CDBC452F1C75D4A60037FEC4 /* HXDiscoveryViewController.h */,
				CDBC45301C75D4A60037FEC4 /* HXDiscoveryViewController.m */,
				CDBC452D1C75D4A60037FEC4 /* HXDiscoveryContainerViewController.h */,
				CDBC452E1C75D4A60037FEC4 /* HXDiscoveryContainerViewController.m */,
			);
			path = Discovery;
			sourceTree = "<group>";
		};
		CDBC45331C75D6100037FEC4 /* Discovery */ = {
			isa = PBXGroup;
			children = (
				CD64E9081C7AACC100270836 /* Header */,
				CD64E9051C7AACC100270836 /* Content */,
			);
			path = Discovery;
			sourceTree = "<group>";
		};
		F054F07D4E0725BD42A9D66F /* Frameworks */ = {
			isa = PBXGroup;
			children = (
				7DE6B5500149DDEAE233F794 /* libPods.a */,
			);
			name = Frameworks;
			sourceTree = "<group>";
		};
/* End PBXGroup section */

/* Begin PBXNativeTarget section */
		CDB55E561C72C7EE00962ED0 /* mia */ = {
			isa = PBXNativeTarget;
			buildConfigurationList = CDB55E711C72C7EE00962ED0 /* Build configuration list for PBXNativeTarget "mia" */;
			buildPhases = (
				B7F1543D8493DEA7D9C0F66C /* Check Pods Manifest.lock */,
				CDB55E531C72C7EE00962ED0 /* Sources */,
				CDB55E541C72C7EE00962ED0 /* Frameworks */,
				CDB55E551C72C7EE00962ED0 /* Resources */,
				C3C2BC572EE9EAC4B6594933 /* Embed Pods Frameworks */,
				6BD8C3072AD72227437C953E /* Copy Pods Resources */,
			);
			buildRules = (
			);
			dependencies = (
			);
			name = mia;
			productName = mia;
			productReference = CDB55E571C72C7EE00962ED0 /* mia.app */;
			productType = "com.apple.product-type.application";
		};
/* End PBXNativeTarget section */

/* Begin PBXProject section */
		CDB55E4F1C72C7ED00962ED0 /* Project object */ = {
			isa = PBXProject;
			attributes = {
				LastUpgradeCheck = 0720;
				ORGANIZATIONNAME = "Mia Music";
				TargetAttributes = {
					CDB55E561C72C7EE00962ED0 = {
						CreatedOnToolsVersion = 7.2.1;
					};
				};
			};
			buildConfigurationList = CDB55E521C72C7ED00962ED0 /* Build configuration list for PBXProject "mia" */;
			compatibilityVersion = "Xcode 3.2";
			developmentRegion = English;
			hasScannedForEncodings = 0;
			knownRegions = (
				en,
				Base,
			);
			mainGroup = CDB55E4E1C72C7ED00962ED0;
			productRefGroup = CDB55E581C72C7EE00962ED0 /* Products */;
			projectDirPath = "";
			projectRoot = "";
			targets = (
				CDB55E561C72C7EE00962ED0 /* mia */,
			);
		};
/* End PBXProject section */

/* Begin PBXResourcesBuildPhase section */
		CDB55E551C72C7EE00962ED0 /* Resources */ = {
			isa = PBXResourcesBuildPhase;
			buildActionMask = 2147483647;
			files = (
				CDB55E841C72CFD500962ED0 /* Profile.storyboard in Resources */,
				CDB55E7C1C72CFB500962ED0 /* Discovery.storyboard in Resources */,
				CDB55E6D1C72C7EE00962ED0 /* LaunchScreen.storyboard in Resources */,
				CDB55E6A1C72C7EE00962ED0 /* Assets.xcassets in Resources */,
				CD64E9141C7AB27B00270836 /* HXDiscoveryCover.xib in Resources */,
				CDB55E7F1C72CFC000962ED0 /* Favorite.storyboard in Resources */,
				CD0690261C747164001C0997 /* Me.storyboard in Resources */,
				CDB55E681C72C7EE00962ED0 /* Main.storyboard in Resources */,
				CD64E90E1C7AAE6400270836 /* HXDiscoveryHeader.xib in Resources */,
			);
			runOnlyForDeploymentPostprocessing = 0;
		};
/* End PBXResourcesBuildPhase section */

/* Begin PBXShellScriptBuildPhase section */
		6BD8C3072AD72227437C953E /* Copy Pods Resources */ = {
			isa = PBXShellScriptBuildPhase;
			buildActionMask = 2147483647;
			files = (
			);
			inputPaths = (
			);
			name = "Copy Pods Resources";
			outputPaths = (
			);
			runOnlyForDeploymentPostprocessing = 0;
			shellPath = /bin/sh;
			shellScript = "\"${SRCROOT}/Pods/Target Support Files/Pods/Pods-resources.sh\"\n";
			showEnvVarsInLog = 0;
		};
		B7F1543D8493DEA7D9C0F66C /* Check Pods Manifest.lock */ = {
			isa = PBXShellScriptBuildPhase;
			buildActionMask = 2147483647;
			files = (
			);
			inputPaths = (
			);
			name = "Check Pods Manifest.lock";
			outputPaths = (
			);
			runOnlyForDeploymentPostprocessing = 0;
			shellPath = /bin/sh;
			shellScript = "diff \"${PODS_ROOT}/../Podfile.lock\" \"${PODS_ROOT}/Manifest.lock\" > /dev/null\nif [[ $? != 0 ]] ; then\n    cat << EOM\nerror: The sandbox is not in sync with the Podfile.lock. Run 'pod install' or update your CocoaPods installation.\nEOM\n    exit 1\nfi\n";
			showEnvVarsInLog = 0;
		};
		C3C2BC572EE9EAC4B6594933 /* Embed Pods Frameworks */ = {
			isa = PBXShellScriptBuildPhase;
			buildActionMask = 2147483647;
			files = (
			);
			inputPaths = (
			);
			name = "Embed Pods Frameworks";
			outputPaths = (
			);
			runOnlyForDeploymentPostprocessing = 0;
			shellPath = /bin/sh;
			shellScript = "\"${SRCROOT}/Pods/Target Support Files/Pods/Pods-frameworks.sh\"\n";
			showEnvVarsInLog = 0;
		};
/* End PBXShellScriptBuildPhase section */

/* Begin PBXSourcesBuildPhase section */
		CDB55E531C72C7EE00962ED0 /* Sources */ = {
			isa = PBXSourcesBuildPhase;
			buildActionMask = 2147483647;
			files = (
				CD0690231C746D10001C0997 /* HXMeViewController.m in Sources */,
				CDB55E5F1C72C7EE00962ED0 /* AppDelegate.m in Sources */,
				CD0690161C746B8C001C0997 /* HXIBLabel.m in Sources */,
				CD06901A1C746B8C001C0997 /* HXCaptchButton.m in Sources */,
				CDB55E961C72D24200962ED0 /* HXProfileViewController.m in Sources */,
				CD06900E1C746B8C001C0997 /* UIView+FindUIViewController.m in Sources */,
				CDBC45321C75D4A60037FEC4 /* HXDiscoveryViewController.m in Sources */,
				CD0690101C746B8C001C0997 /* UIViewController+HXClass.m in Sources */,
				CD06900F1C746B8C001C0997 /* UIView+Frame.m in Sources */,
				CD0690171C746B8C001C0997 /* HXIBView.m in Sources */,
				CD0690191C746B8C001C0997 /* HXAppConstants.m in Sources */,
				CD0690151C746B8C001C0997 /* HXIBImageView.m in Sources */,
				CD06901C1C746B8C001C0997 /* HXTextView.m in Sources */,
				CD0690181C746B8C001C0997 /* HXIBnsepectableManager.m in Sources */,
				CD0690141C746B8C001C0997 /* HXIBButton.m in Sources */,
				CD0690131C746B8C001C0997 /* UIView+HXIBnspectable.m in Sources */,
				CD64E9121C7AB27300270836 /* HXDiscoveryCover.m in Sources */,
				CD0690121C746B8C001C0997 /* UILabel+HXIBnsepectable.m in Sources */,
				CD06901B1C746B8C001C0997 /* HXLabel.m in Sources */,
				CD06901E1C746B8C001C0997 /* HXThemeManager.m in Sources */,
				CD64E9091C7AACC100270836 /* HXDiscoveryCell.m in Sources */,
				CDB55E8F1C72D16300962ED0 /* HXMainViewController.m in Sources */,
				CD0690111C746B8C001C0997 /* UIButton+HXIBnspectable.m in Sources */,
				CDBC45311C75D4A60037FEC4 /* HXDiscoveryContainerViewController.m in Sources */,
				CD06901F1C746B8C001C0997 /* HXVersion.m in Sources */,
				CD06901D1C746B8C001C0997 /* HXStoryBoardManager.m in Sources */,
				CDB55E5C1C72C7EE00962ED0 /* main.m in Sources */,
				CDB55E901C72D16300962ED0 /* HXPanGestureNavgaitionController.m in Sources */,
				CDB55E9C1C73005B00962ED0 /* HXFavoriteViewController.m in Sources */,
				CD64E90C1C7AACE200270836 /* HXDiscoveryHeader.m in Sources */,
			);
			runOnlyForDeploymentPostprocessing = 0;
		};
/* End PBXSourcesBuildPhase section */

/* Begin PBXVariantGroup section */
		CD0690241C747164001C0997 /* Me.storyboard */ = {
			isa = PBXVariantGroup;
			children = (
				CD0690251C747164001C0997 /* Base */,
			);
			name = Me.storyboard;
			sourceTree = "<group>";
		};
		CDB55E661C72C7EE00962ED0 /* Main.storyboard */ = {
			isa = PBXVariantGroup;
			children = (
				CDB55E671C72C7EE00962ED0 /* Base */,
			);
			name = Main.storyboard;
			sourceTree = "<group>";
		};
		CDB55E6B1C72C7EE00962ED0 /* LaunchScreen.storyboard */ = {
			isa = PBXVariantGroup;
			children = (
				CDB55E6C1C72C7EE00962ED0 /* Base */,
			);
			name = LaunchScreen.storyboard;
			sourceTree = "<group>";
		};
		CDB55E7A1C72CFB500962ED0 /* Discovery.storyboard */ = {
			isa = PBXVariantGroup;
			children = (
				CDB55E7B1C72CFB500962ED0 /* Base */,
			);
			name = Discovery.storyboard;
			sourceTree = "<group>";
		};
		CDB55E7D1C72CFC000962ED0 /* Favorite.storyboard */ = {
			isa = PBXVariantGroup;
			children = (
				CDB55E7E1C72CFC000962ED0 /* Base */,
			);
			name = Favorite.storyboard;
			sourceTree = "<group>";
		};
		CDB55E821C72CFD500962ED0 /* Profile.storyboard */ = {
			isa = PBXVariantGroup;
			children = (
				CDB55E831C72CFD500962ED0 /* Base */,
			);
			name = Profile.storyboard;
			sourceTree = "<group>";
		};
/* End PBXVariantGroup section */

/* Begin XCBuildConfiguration section */
		CDB55E6F1C72C7EE00962ED0 /* Debug */ = {
			isa = XCBuildConfiguration;
			buildSettings = {
				ALWAYS_SEARCH_USER_PATHS = NO;
				CLANG_CXX_LANGUAGE_STANDARD = "gnu++0x";
				CLANG_CXX_LIBRARY = "libc++";
				CLANG_ENABLE_MODULES = YES;
				CLANG_ENABLE_OBJC_ARC = YES;
				CLANG_WARN_BOOL_CONVERSION = YES;
				CLANG_WARN_CONSTANT_CONVERSION = YES;
				CLANG_WARN_DIRECT_OBJC_ISA_USAGE = YES_ERROR;
				CLANG_WARN_EMPTY_BODY = YES;
				CLANG_WARN_ENUM_CONVERSION = YES;
				CLANG_WARN_INT_CONVERSION = YES;
				CLANG_WARN_OBJC_ROOT_CLASS = YES_ERROR;
				CLANG_WARN_UNREACHABLE_CODE = YES;
				CLANG_WARN__DUPLICATE_METHOD_MATCH = YES;
				"CODE_SIGN_IDENTITY[sdk=iphoneos*]" = "iPhone Developer";
				COPY_PHASE_STRIP = NO;
				DEBUG_INFORMATION_FORMAT = dwarf;
				ENABLE_STRICT_OBJC_MSGSEND = YES;
				ENABLE_TESTABILITY = YES;
				GCC_C_LANGUAGE_STANDARD = gnu99;
				GCC_DYNAMIC_NO_PIC = NO;
				GCC_NO_COMMON_BLOCKS = YES;
				GCC_OPTIMIZATION_LEVEL = 0;
				GCC_PREPROCESSOR_DEFINITIONS = (
					"DEBUG=1",
					"$(inherited)",
				);
				GCC_WARN_64_TO_32_BIT_CONVERSION = YES;
				GCC_WARN_ABOUT_RETURN_TYPE = YES_ERROR;
				GCC_WARN_UNDECLARED_SELECTOR = YES;
				GCC_WARN_UNINITIALIZED_AUTOS = YES_AGGRESSIVE;
				GCC_WARN_UNUSED_FUNCTION = YES;
				GCC_WARN_UNUSED_VARIABLE = YES;
				IPHONEOS_DEPLOYMENT_TARGET = 9.2;
				MTL_ENABLE_DEBUG_INFO = YES;
				ONLY_ACTIVE_ARCH = YES;
				SDKROOT = iphoneos;
			};
			name = Debug;
		};
		CDB55E701C72C7EE00962ED0 /* Release */ = {
			isa = XCBuildConfiguration;
			buildSettings = {
				ALWAYS_SEARCH_USER_PATHS = NO;
				CLANG_CXX_LANGUAGE_STANDARD = "gnu++0x";
				CLANG_CXX_LIBRARY = "libc++";
				CLANG_ENABLE_MODULES = YES;
				CLANG_ENABLE_OBJC_ARC = YES;
				CLANG_WARN_BOOL_CONVERSION = YES;
				CLANG_WARN_CONSTANT_CONVERSION = YES;
				CLANG_WARN_DIRECT_OBJC_ISA_USAGE = YES_ERROR;
				CLANG_WARN_EMPTY_BODY = YES;
				CLANG_WARN_ENUM_CONVERSION = YES;
				CLANG_WARN_INT_CONVERSION = YES;
				CLANG_WARN_OBJC_ROOT_CLASS = YES_ERROR;
				CLANG_WARN_UNREACHABLE_CODE = YES;
				CLANG_WARN__DUPLICATE_METHOD_MATCH = YES;
				"CODE_SIGN_IDENTITY[sdk=iphoneos*]" = "iPhone Developer";
				COPY_PHASE_STRIP = NO;
				DEBUG_INFORMATION_FORMAT = "dwarf-with-dsym";
				ENABLE_NS_ASSERTIONS = NO;
				ENABLE_STRICT_OBJC_MSGSEND = YES;
				GCC_C_LANGUAGE_STANDARD = gnu99;
				GCC_NO_COMMON_BLOCKS = YES;
				GCC_WARN_64_TO_32_BIT_CONVERSION = YES;
				GCC_WARN_ABOUT_RETURN_TYPE = YES_ERROR;
				GCC_WARN_UNDECLARED_SELECTOR = YES;
				GCC_WARN_UNINITIALIZED_AUTOS = YES_AGGRESSIVE;
				GCC_WARN_UNUSED_FUNCTION = YES;
				GCC_WARN_UNUSED_VARIABLE = YES;
				IPHONEOS_DEPLOYMENT_TARGET = 9.2;
				MTL_ENABLE_DEBUG_INFO = NO;
				SDKROOT = iphoneos;
				VALIDATE_PRODUCT = YES;
			};
			name = Release;
		};
		CDB55E721C72C7EE00962ED0 /* Debug */ = {
			isa = XCBuildConfiguration;
			baseConfigurationReference = 20B98B5DB24170C5D64D6BE3 /* Pods.debug.xcconfig */;
			buildSettings = {
				ASSETCATALOG_COMPILER_APPICON_NAME = AppIcon;
				ASSETCATALOG_COMPILER_LAUNCHIMAGE_NAME = LaunchImage;
				INFOPLIST_FILE = mia/Info.plist;
				IPHONEOS_DEPLOYMENT_TARGET = 7.1;
				LD_RUNPATH_SEARCH_PATHS = "$(inherited) @executable_path/Frameworks";
				PRODUCT_BUNDLE_IDENTIFIER = com.miamusic.mia;
				PRODUCT_NAME = "$(TARGET_NAME)";
			};
			name = Debug;
		};
		CDB55E731C72C7EE00962ED0 /* Release */ = {
			isa = XCBuildConfiguration;
			baseConfigurationReference = E2440684D64E12C6BEB63D9B /* Pods.release.xcconfig */;
			buildSettings = {
				ASSETCATALOG_COMPILER_APPICON_NAME = AppIcon;
				ASSETCATALOG_COMPILER_LAUNCHIMAGE_NAME = LaunchImage;
				INFOPLIST_FILE = mia/Info.plist;
				IPHONEOS_DEPLOYMENT_TARGET = 7.1;
				LD_RUNPATH_SEARCH_PATHS = "$(inherited) @executable_path/Frameworks";
				PRODUCT_BUNDLE_IDENTIFIER = com.miamusic.mia;
				PRODUCT_NAME = "$(TARGET_NAME)";
			};
			name = Release;
		};
/* End XCBuildConfiguration section */

/* Begin XCConfigurationList section */
		CDB55E521C72C7ED00962ED0 /* Build configuration list for PBXProject "mia" */ = {
			isa = XCConfigurationList;
			buildConfigurations = (
				CDB55E6F1C72C7EE00962ED0 /* Debug */,
				CDB55E701C72C7EE00962ED0 /* Release */,
			);
			defaultConfigurationIsVisible = 0;
			defaultConfigurationName = Release;
		};
		CDB55E711C72C7EE00962ED0 /* Build configuration list for PBXNativeTarget "mia" */ = {
			isa = XCConfigurationList;
			buildConfigurations = (
				CDB55E721C72C7EE00962ED0 /* Debug */,
				CDB55E731C72C7EE00962ED0 /* Release */,
			);
			defaultConfigurationIsVisible = 0;
			defaultConfigurationName = Release;
		};
/* End XCConfigurationList section */
	};
	rootObject = CDB55E4F1C72C7ED00962ED0 /* Project object */;
}
